// !$*UTF8*$!
{
	archiveVersion = 1;
	classes = {
	};
	objectVersion = 56;
	objects = {

/* Begin PBXBuildFile section */
		604B3BA42A1F013300CAE222 /* LandmarksApp.swift in Sources */ = {isa = PBXBuildFile; fileRef = 604B3BA32A1F013300CAE222 /* LandmarksApp.swift */; };
		604B3BA62A1F013300CAE222 /* ContentView.swift in Sources */ = {isa = PBXBuildFile; fileRef = 604B3BA52A1F013300CAE222 /* ContentView.swift */; };
		604B3BA82A1F013400CAE222 /* Assets.xcassets in Resources */ = {isa = PBXBuildFile; fileRef = 604B3BA72A1F013400CAE222 /* Assets.xcassets */; };
		604B3BAB2A1F013400CAE222 /* Preview Assets.xcassets in Resources */ = {isa = PBXBuildFile; fileRef = 604B3BAA2A1F013400CAE222 /* Preview Assets.xcassets */; };
		604B3BB22A1F0B6700CAE222 /* CircleImage.swift in Sources */ = {isa = PBXBuildFile; fileRef = 604B3BB12A1F0B6700CAE222 /* CircleImage.swift */; };
		604B3BB42A1F0C3200CAE222 /* MapView.swift in Sources */ = {isa = PBXBuildFile; fileRef = 604B3BB32A1F0C3200CAE222 /* MapView.swift */; };
		604B3BB62A1F13C500CAE222 /* landmarkData.json in Resources */ = {isa = PBXBuildFile; fileRef = 604B3BB52A1F13C500CAE222 /* landmarkData.json */; };
		604B3BB82A1F13EA00CAE222 /* Landmark.swift in Sources */ = {isa = PBXBuildFile; fileRef = 604B3BB72A1F13EA00CAE222 /* Landmark.swift */; };
		604B3BBA2A1F150E00CAE222 /* ModelData.swift in Sources */ = {isa = PBXBuildFile; fileRef = 604B3BB92A1F150E00CAE222 /* ModelData.swift */; };
		604B3BBF2A1F160A00CAE222 /* LandmarkRow.swift in Sources */ = {isa = PBXBuildFile; fileRef = 604B3BBE2A1F160A00CAE222 /* LandmarkRow.swift */; };
		604B3BC12A1F19DB00CAE222 /* LandmarkList.swift in Sources */ = {isa = PBXBuildFile; fileRef = 604B3BC02A1F19DB00CAE222 /* LandmarkList.swift */; };
		604B3BC32A1F1EB100CAE222 /* LandmarkDetail.swift in Sources */ = {isa = PBXBuildFile; fileRef = 604B3BC22A1F1EB100CAE222 /* LandmarkDetail.swift */; };
		604B3BC52A1F29F400CAE222 /* FavoriteButton.swift in Sources */ = {isa = PBXBuildFile; fileRef = 604B3BC42A1F29F400CAE222 /* FavoriteButton.swift */; };
		608293642A2072AC00E5636B /* HexagonParameters.swift in Sources */ = {isa = PBXBuildFile; fileRef = 608293632A2072AC00E5636B /* HexagonParameters.swift */; };
		608293662A20740600E5636B /* BadgeBackground.swift in Sources */ = {isa = PBXBuildFile; fileRef = 608293652A20740600E5636B /* BadgeBackground.swift */; };
		608293692A207EC900E5636B /* BadgeSymbol.swift in Sources */ = {isa = PBXBuildFile; fileRef = 608293682A207EC900E5636B /* BadgeSymbol.swift */; };
		6082936B2A20814300E5636B /* RotatedBadgeSymbol.swift in Sources */ = {isa = PBXBuildFile; fileRef = 6082936A2A20814300E5636B /* RotatedBadgeSymbol.swift */; };
		6082936D2A20836800E5636B /* Badge.swift in Sources */ = {isa = PBXBuildFile; fileRef = 6082936C2A20836800E5636B /* Badge.swift */; };
		608293712A208E8600E5636B /* hikeData.json in Resources */ = {isa = PBXBuildFile; fileRef = 608293702A208E8600E5636B /* hikeData.json */; };
		608293732A208EA000E5636B /* Hike.swift in Sources */ = {isa = PBXBuildFile; fileRef = 608293722A208EA000E5636B /* Hike.swift */; };
		608293792A208F3400E5636B /* GraphCapsule.swift in Sources */ = {isa = PBXBuildFile; fileRef = 608293752A208F3400E5636B /* GraphCapsule.swift */; };
		6082937A2A208F3400E5636B /* HikeGraph.swift in Sources */ = {isa = PBXBuildFile; fileRef = 608293762A208F3400E5636B /* HikeGraph.swift */; };
		6082937B2A208F3400E5636B /* HikeDetail.swift in Sources */ = {isa = PBXBuildFile; fileRef = 608293772A208F3400E5636B /* HikeDetail.swift */; };
		6082937C2A208F3400E5636B /* HikeView.swift in Sources */ = {isa = PBXBuildFile; fileRef = 608293782A208F3400E5636B /* HikeView.swift */; };
/* End PBXBuildFile section */

/* Begin PBXFileReference section */
		604B3BA02A1F013300CAE222 /* Landmarks.app */ = {isa = PBXFileReference; explicitFileType = wrapper.application; includeInIndex = 0; path = Landmarks.app; sourceTree = BUILT_PRODUCTS_DIR; };
		604B3BA32A1F013300CAE222 /* LandmarksApp.swift */ = {isa = PBXFileReference; lastKnownFileType = sourcecode.swift; path = LandmarksApp.swift; sourceTree = "<group>"; };
		604B3BA52A1F013300CAE222 /* ContentView.swift */ = {isa = PBXFileReference; lastKnownFileType = sourcecode.swift; path = ContentView.swift; sourceTree = "<group>"; };
		604B3BA72A1F013400CAE222 /* Assets.xcassets */ = {isa = PBXFileReference; lastKnownFileType = folder.assetcatalog; path = Assets.xcassets; sourceTree = "<group>"; };
		604B3BAA2A1F013400CAE222 /* Preview Assets.xcassets */ = {isa = PBXFileReference; lastKnownFileType = folder.assetcatalog; path = "Preview Assets.xcassets"; sourceTree = "<group>"; };
		604B3BB12A1F0B6700CAE222 /* CircleImage.swift */ = {isa = PBXFileReference; lastKnownFileType = sourcecode.swift; path = CircleImage.swift; sourceTree = "<group>"; };
		604B3BB32A1F0C3200CAE222 /* MapView.swift */ = {isa = PBXFileReference; lastKnownFileType = sourcecode.swift; path = MapView.swift; sourceTree = "<group>"; };
		604B3BB52A1F13C500CAE222 /* landmarkData.json */ = {isa = PBXFileReference; fileEncoding = 4; lastKnownFileType = text.json; path = landmarkData.json; sourceTree = "<group>"; };
		604B3BB72A1F13EA00CAE222 /* Landmark.swift */ = {isa = PBXFileReference; lastKnownFileType = sourcecode.swift; path = Landmark.swift; sourceTree = "<group>"; };
		604B3BB92A1F150E00CAE222 /* ModelData.swift */ = {isa = PBXFileReference; lastKnownFileType = sourcecode.swift; path = ModelData.swift; sourceTree = "<group>"; };
		604B3BBE2A1F160A00CAE222 /* LandmarkRow.swift */ = {isa = PBXFileReference; lastKnownFileType = sourcecode.swift; path = LandmarkRow.swift; sourceTree = "<group>"; };
		604B3BC02A1F19DB00CAE222 /* LandmarkList.swift */ = {isa = PBXFileReference; lastKnownFileType = sourcecode.swift; path = LandmarkList.swift; sourceTree = "<group>"; };
		604B3BC22A1F1EB100CAE222 /* LandmarkDetail.swift */ = {isa = PBXFileReference; lastKnownFileType = sourcecode.swift; path = LandmarkDetail.swift; sourceTree = "<group>"; };
		604B3BC42A1F29F400CAE222 /* FavoriteButton.swift */ = {isa = PBXFileReference; lastKnownFileType = sourcecode.swift; path = FavoriteButton.swift; sourceTree = "<group>"; };
		608293632A2072AC00E5636B /* HexagonParameters.swift */ = {isa = PBXFileReference; lastKnownFileType = sourcecode.swift; path = HexagonParameters.swift; sourceTree = "<group>"; };
		608293652A20740600E5636B /* BadgeBackground.swift */ = {isa = PBXFileReference; lastKnownFileType = sourcecode.swift; path = BadgeBackground.swift; sourceTree = "<group>"; };
		608293682A207EC900E5636B /* BadgeSymbol.swift */ = {isa = PBXFileReference; lastKnownFileType = sourcecode.swift; path = BadgeSymbol.swift; sourceTree = "<group>"; };
		6082936A2A20814300E5636B /* RotatedBadgeSymbol.swift */ = {isa = PBXFileReference; lastKnownFileType = sourcecode.swift; path = RotatedBadgeSymbol.swift; sourceTree = "<group>"; };
		6082936C2A20836800E5636B /* Badge.swift */ = {isa = PBXFileReference; lastKnownFileType = sourcecode.swift; path = Badge.swift; sourceTree = "<group>"; };
		608293702A208E8600E5636B /* hikeData.json */ = {isa = PBXFileReference; fileEncoding = 4; lastKnownFileType = text.json; path = hikeData.json; sourceTree = "<group>"; };
		608293722A208EA000E5636B /* Hike.swift */ = {isa = PBXFileReference; lastKnownFileType = sourcecode.swift; path = Hike.swift; sourceTree = "<group>"; };
		608293752A208F3400E5636B /* GraphCapsule.swift */ = {isa = PBXFileReference; fileEncoding = 4; lastKnownFileType = sourcecode.swift; path = GraphCapsule.swift; sourceTree = "<group>"; };
		608293762A208F3400E5636B /* HikeGraph.swift */ = {isa = PBXFileReference; fileEncoding = 4; lastKnownFileType = sourcecode.swift; path = HikeGraph.swift; sourceTree = "<group>"; };
		608293772A208F3400E5636B /* HikeDetail.swift */ = {isa = PBXFileReference; fileEncoding = 4; lastKnownFileType = sourcecode.swift; path = HikeDetail.swift; sourceTree = "<group>"; };
		608293782A208F3400E5636B /* HikeView.swift */ = {isa = PBXFileReference; fileEncoding = 4; lastKnownFileType = sourcecode.swift; path = HikeView.swift; sourceTree = "<group>"; };
/* End PBXFileReference section */

/* Begin PBXFrameworksBuildPhase section */
		604B3B9D2A1F013300CAE222 /* Frameworks */ = {
			isa = PBXFrameworksBuildPhase;
			buildActionMask = 2147483647;
			files = (
			);
			runOnlyForDeploymentPostprocessing = 0;
		};
/* End PBXFrameworksBuildPhase section */

/* Begin PBXGroup section */
		604B3B972A1F013300CAE222 = {
			isa = PBXGroup;
			children = (
				604B3BA22A1F013300CAE222 /* Landmarks */,
				604B3BA12A1F013300CAE222 /* Products */,
			);
			sourceTree = "<group>";
		};
		604B3BA12A1F013300CAE222 /* Products */ = {
			isa = PBXGroup;
			children = (
				604B3BA02A1F013300CAE222 /* Landmarks.app */,
			);
			name = Products;
			sourceTree = "<group>";
		};
		604B3BA22A1F013300CAE222 /* Landmarks */ = {
			isa = PBXGroup;
			children = (
				604B3BA32A1F013300CAE222 /* LandmarksApp.swift */,
				604B3BBD2A1F156000CAE222 /* Resources */,
				604B3BBC2A1F155E00CAE222 /* Model */,
				604B3BBB2A1F155A00CAE222 /* Views */,
				604B3BA72A1F013400CAE222 /* Assets.xcassets */,
				604B3BA92A1F013400CAE222 /* Preview Content */,
			);
			path = Landmarks;
			sourceTree = "<group>";
		};
		604B3BA92A1F013400CAE222 /* Preview Content */ = {
			isa = PBXGroup;
			children = (
				604B3BAA2A1F013400CAE222 /* Preview Assets.xcassets */,
			);
			path = "Preview Content";
			sourceTree = "<group>";
		};
		604B3BBB2A1F155A00CAE222 /* Views */ = {
			isa = PBXGroup;
			children = (
				604B3BA52A1F013300CAE222 /* ContentView.swift */,
				608293742A208F3400E5636B /* Hikes */,
				608293672A20740B00E5636B /* Badge */,
				604B3BC72A1F2A9A00CAE222 /* Helpers */,
				604B3BC62A1F2A9600CAE222 /* Landmarks */,
			);
			path = Views;
			sourceTree = "<group>";
		};
		604B3BBC2A1F155E00CAE222 /* Model */ = {
			isa = PBXGroup;
			children = (
				604B3BB92A1F150E00CAE222 /* ModelData.swift */,
				604B3BB72A1F13EA00CAE222 /* Landmark.swift */,
				608293722A208EA000E5636B /* Hike.swift */,
			);
			path = Model;
			sourceTree = "<group>";
		};
		604B3BBD2A1F156000CAE222 /* Resources */ = {
			isa = PBXGroup;
			children = (
				604B3BB52A1F13C500CAE222 /* landmarkData.json */,
				608293702A208E8600E5636B /* hikeData.json */,
			);
			path = Resources;
			sourceTree = "<group>";
		};
		604B3BC62A1F2A9600CAE222 /* Landmarks */ = {
			isa = PBXGroup;
			children = (
				604B3BC22A1F1EB100CAE222 /* LandmarkDetail.swift */,
				604B3BBE2A1F160A00CAE222 /* LandmarkRow.swift */,
				604B3BC02A1F19DB00CAE222 /* LandmarkList.swift */,
			);
			path = Landmarks;
			sourceTree = "<group>";
		};
		604B3BC72A1F2A9A00CAE222 /* Helpers */ = {
			isa = PBXGroup;
			children = (
				604B3BC42A1F29F400CAE222 /* FavoriteButton.swift */,
				604B3BB32A1F0C3200CAE222 /* MapView.swift */,
				604B3BB12A1F0B6700CAE222 /* CircleImage.swift */,
			);
			path = Helpers;
			sourceTree = "<group>";
		};
		608293672A20740B00E5636B /* Badge */ = {
			isa = PBXGroup;
			children = (
				608293632A2072AC00E5636B /* HexagonParameters.swift */,
				608293652A20740600E5636B /* BadgeBackground.swift */,
				608293682A207EC900E5636B /* BadgeSymbol.swift */,
				6082936A2A20814300E5636B /* RotatedBadgeSymbol.swift */,
				6082936C2A20836800E5636B /* Badge.swift */,
			);
			path = Badge;
			sourceTree = "<group>";
		};
		608293742A208F3400E5636B /* Hikes */ = {
			isa = PBXGroup;
			children = (
				608293752A208F3400E5636B /* GraphCapsule.swift */,
				608293762A208F3400E5636B /* HikeGraph.swift */,
				608293772A208F3400E5636B /* HikeDetail.swift */,
				608293782A208F3400E5636B /* HikeView.swift */,
			);
			path = Hikes;
			sourceTree = "<group>";
		};
/* End PBXGroup section */

/* Begin PBXNativeTarget section */
		604B3B9F2A1F013300CAE222 /* Landmarks */ = {
			isa = PBXNativeTarget;
			buildConfigurationList = 604B3BAE2A1F013400CAE222 /* Build configuration list for PBXNativeTarget "Landmarks" */;
			buildPhases = (
				604B3B9C2A1F013300CAE222 /* Sources */,
				604B3B9D2A1F013300CAE222 /* Frameworks */,
				604B3B9E2A1F013300CAE222 /* Resources */,
			);
			buildRules = (
			);
			dependencies = (
			);
			name = Landmarks;
			productName = Landmarks;
			productReference = 604B3BA02A1F013300CAE222 /* Landmarks.app */;
			productType = "com.apple.product-type.application";
		};
/* End PBXNativeTarget section */

/* Begin PBXProject section */
		604B3B982A1F013300CAE222 /* Project object */ = {
			isa = PBXProject;
			attributes = {
				BuildIndependentTargetsInParallel = 1;
				LastSwiftUpdateCheck = 1420;
				LastUpgradeCheck = 1420;
				TargetAttributes = {
					604B3B9F2A1F013300CAE222 = {
						CreatedOnToolsVersion = 14.2;
					};
				};
			};
			buildConfigurationList = 604B3B9B2A1F013300CAE222 /* Build configuration list for PBXProject "Landmarks" */;
			compatibilityVersion = "Xcode 14.0";
			developmentRegion = en;
			hasScannedForEncodings = 0;
			knownRegions = (
				en,
				Base,
			);
			mainGroup = 604B3B972A1F013300CAE222;
			productRefGroup = 604B3BA12A1F013300CAE222 /* Products */;
			projectDirPath = "";
			projectRoot = "";
			targets = (
				604B3B9F2A1F013300CAE222 /* Landmarks */,
			);
		};
/* End PBXProject section */

/* Begin PBXResourcesBuildPhase section */
		604B3B9E2A1F013300CAE222 /* Resources */ = {
			isa = PBXResourcesBuildPhase;
			buildActionMask = 2147483647;
			files = (
				608293712A208E8600E5636B /* hikeData.json in Resources */,
				604B3BAB2A1F013400CAE222 /* Preview Assets.xcassets in Resources */,
				604B3BA82A1F013400CAE222 /* Assets.xcassets in Resources */,
				604B3BB62A1F13C500CAE222 /* landmarkData.json in Resources */,
			);
			runOnlyForDeploymentPostprocessing = 0;
		};
/* End PBXResourcesBuildPhase section */

/* Begin PBXSourcesBuildPhase section */
		604B3B9C2A1F013300CAE222 /* Sources */ = {
			isa = PBXSourcesBuildPhase;
			buildActionMask = 2147483647;
			files = (
				604B3BA62A1F013300CAE222 /* ContentView.swift in Sources */,
				6082937A2A208F3400E5636B /* HikeGraph.swift in Sources */,
				6082936D2A20836800E5636B /* Badge.swift in Sources */,
				604B3BB42A1F0C3200CAE222 /* MapView.swift in Sources */,
				608293792A208F3400E5636B /* GraphCapsule.swift in Sources */,
				604B3BA42A1F013300CAE222 /* LandmarksApp.swift in Sources */,
				604B3BC52A1F29F400CAE222 /* FavoriteButton.swift in Sources */,
				6082937B2A208F3400E5636B /* HikeDetail.swift in Sources */,
				608293642A2072AC00E5636B /* HexagonParameters.swift in Sources */,
				608293732A208EA000E5636B /* Hike.swift in Sources */,
				6082936B2A20814300E5636B /* RotatedBadgeSymbol.swift in Sources */,
				608293692A207EC900E5636B /* BadgeSymbol.swift in Sources */,
				604B3BC12A1F19DB00CAE222 /* LandmarkList.swift in Sources */,
				6082937C2A208F3400E5636B /* HikeView.swift in Sources */,
				604B3BC32A1F1EB100CAE222 /* LandmarkDetail.swift in Sources */,
				608293662A20740600E5636B /* BadgeBackground.swift in Sources */,
				604B3BB22A1F0B6700CAE222 /* CircleImage.swift in Sources */,
				604B3BB82A1F13EA00CAE222 /* Landmark.swift in Sources */,
				604B3BBF2A1F160A00CAE222 /* LandmarkRow.swift in Sources */,
				604B3BBA2A1F150E00CAE222 /* ModelData.swift in Sources */,
			);
			runOnlyForDeploymentPostprocessing = 0;
		};
/* End PBXSourcesBuildPhase section */

/* Begin XCBuildConfiguration section */
		604B3BAC2A1F013400CAE222 /* Debug */ = {
			isa = XCBuildConfiguration;
			buildSettings = {
				ALWAYS_SEARCH_USER_PATHS = NO;
				CLANG_ANALYZER_NONNULL = YES;
				CLANG_ANALYZER_NUMBER_OBJECT_CONVERSION = YES_AGGRESSIVE;
				CLANG_CXX_LANGUAGE_STANDARD = "gnu++20";
				CLANG_ENABLE_MODULES = YES;
				CLANG_ENABLE_OBJC_ARC = YES;
				CLANG_ENABLE_OBJC_WEAK = YES;
				CLANG_WARN_BLOCK_CAPTURE_AUTORELEASING = YES;
				CLANG_WARN_BOOL_CONVERSION = YES;
				CLANG_WARN_COMMA = YES;
				CLANG_WARN_CONSTANT_CONVERSION = YES;
				CLANG_WARN_DEPRECATED_OBJC_IMPLEMENTATIONS = YES;
				CLANG_WARN_DIRECT_OBJC_ISA_USAGE = YES_ERROR;
				CLANG_WARN_DOCUMENTATION_COMMENTS = YES;
				CLANG_WARN_EMPTY_BODY = YES;
				CLANG_WARN_ENUM_CONVERSION = YES;
				CLANG_WARN_INFINITE_RECURSION = YES;
				CLANG_WARN_INT_CONVERSION = YES;
				CLANG_WARN_NON_LITERAL_NULL_CONVERSION = YES;
				CLANG_WARN_OBJC_IMPLICIT_RETAIN_SELF = YES;
				CLANG_WARN_OBJC_LITERAL_CONVERSION = YES;
				CLANG_WARN_OBJC_ROOT_CLASS = YES_ERROR;
				CLANG_WARN_QUOTED_INCLUDE_IN_FRAMEWORK_HEADER = YES;
				CLANG_WARN_RANGE_LOOP_ANALYSIS = YES;
				CLANG_WARN_STRICT_PROTOTYPES = YES;
				CLANG_WARN_SUSPICIOUS_MOVE = YES;
				CLANG_WARN_UNGUARDED_AVAILABILITY = YES_AGGRESSIVE;
				CLANG_WARN_UNREACHABLE_CODE = YES;
				CLANG_WARN__DUPLICATE_METHOD_MATCH = YES;
				COPY_PHASE_STRIP = NO;
				DEBUG_INFORMATION_FORMAT = dwarf;
				ENABLE_STRICT_OBJC_MSGSEND = YES;
				ENABLE_TESTABILITY = YES;
				GCC_C_LANGUAGE_STANDARD = gnu11;
				GCC_DYNAMIC_NO_PIC = NO;
				GCC_NO_COMMON_BLOCKS = YES;
				GCC_OPTIMIZATION_LEVEL = 0;
				GCC_PREPROCESSOR_DEFINITIONS = (
					"DEBUG=1",
					"$(inherited)",
				);
				GCC_WARN_64_TO_32_BIT_CONVERSION = YES;
				GCC_WARN_ABOUT_RETURN_TYPE = YES_ERROR;
				GCC_WARN_UNDECLARED_SELECTOR = YES;
				GCC_WARN_UNINITIALIZED_AUTOS = YES_AGGRESSIVE;
				GCC_WARN_UNUSED_FUNCTION = YES;
				GCC_WARN_UNUSED_VARIABLE = YES;
				IPHONEOS_DEPLOYMENT_TARGET = 16.2;
				MTL_ENABLE_DEBUG_INFO = INCLUDE_SOURCE;
				MTL_FAST_MATH = YES;
				ONLY_ACTIVE_ARCH = YES;
				SDKROOT = iphoneos;
				SWIFT_ACTIVE_COMPILATION_CONDITIONS = DEBUG;
				SWIFT_OPTIMIZATION_LEVEL = "-Onone";
			};
			name = Debug;
		};
		604B3BAD2A1F013400CAE222 /* Release */ = {
			isa = XCBuildConfiguration;
			buildSettings = {
				ALWAYS_SEARCH_USER_PATHS = NO;
				CLANG_ANALYZER_NONNULL = YES;
				CLANG_ANALYZER_NUMBER_OBJECT_CONVERSION = YES_AGGRESSIVE;
				CLANG_CXX_LANGUAGE_STANDARD = "gnu++20";
				CLANG_ENABLE_MODULES = YES;
				CLANG_ENABLE_OBJC_ARC = YES;
				CLANG_ENABLE_OBJC_WEAK = YES;
				CLANG_WARN_BLOCK_CAPTURE_AUTORELEASING = YES;
				CLANG_WARN_BOOL_CONVERSION = YES;
				CLANG_WARN_COMMA = YES;
				CLANG_WARN_CONSTANT_CONVERSION = YES;
				CLANG_WARN_DEPRECATED_OBJC_IMPLEMENTATIONS = YES;
				CLANG_WARN_DIRECT_OBJC_ISA_USAGE = YES_ERROR;
				CLANG_WARN_DOCUMENTATION_COMMENTS = YES;
				CLANG_WARN_EMPTY_BODY = YES;
				CLANG_WARN_ENUM_CONVERSION = YES;
				CLANG_WARN_INFINITE_RECURSION = YES;
				CLANG_WARN_INT_CONVERSION = YES;
				CLANG_WARN_NON_LITERAL_NULL_CONVERSION = YES;
				CLANG_WARN_OBJC_IMPLICIT_RETAIN_SELF = YES;
				CLANG_WARN_OBJC_LITERAL_CONVERSION = YES;
				CLANG_WARN_OBJC_ROOT_CLASS = YES_ERROR;
				CLANG_WARN_QUOTED_INCLUDE_IN_FRAMEWORK_HEADER = YES;
				CLANG_WARN_RANGE_LOOP_ANALYSIS = YES;
				CLANG_WARN_STRICT_PROTOTYPES = YES;
				CLANG_WARN_SUSPICIOUS_MOVE = YES;
				CLANG_WARN_UNGUARDED_AVAILABILITY = YES_AGGRESSIVE;
				CLANG_WARN_UNREACHABLE_CODE = YES;
				CLANG_WARN__DUPLICATE_METHOD_MATCH = YES;
				COPY_PHASE_STRIP = NO;
				DEBUG_INFORMATION_FORMAT = "dwarf-with-dsym";
				ENABLE_NS_ASSERTIONS = NO;
				ENABLE_STRICT_OBJC_MSGSEND = YES;
				GCC_C_LANGUAGE_STANDARD = gnu11;
				GCC_NO_COMMON_BLOCKS = YES;
				GCC_WARN_64_TO_32_BIT_CONVERSION = YES;
				GCC_WARN_ABOUT_RETURN_TYPE = YES_ERROR;
				GCC_WARN_UNDECLARED_SELECTOR = YES;
				GCC_WARN_UNINITIALIZED_AUTOS = YES_AGGRESSIVE;
				GCC_WARN_UNUSED_FUNCTION = YES;
				GCC_WARN_UNUSED_VARIABLE = YES;
				IPHONEOS_DEPLOYMENT_TARGET = 16.2;
				MTL_ENABLE_DEBUG_INFO = NO;
				MTL_FAST_MATH = YES;
				SDKROOT = iphoneos;
				SWIFT_COMPILATION_MODE = wholemodule;
				SWIFT_OPTIMIZATION_LEVEL = "-O";
				VALIDATE_PRODUCT = YES;
			};
			name = Release;
		};
		604B3BAF2A1F013400CAE222 /* Debug */ = {
			isa = XCBuildConfiguration;
			buildSettings = {
				ASSETCATALOG_COMPILER_APPICON_NAME = AppIcon;
				ASSETCATALOG_COMPILER_GLOBAL_ACCENT_COLOR_NAME = AccentColor;
				CODE_SIGN_STYLE = Automatic;
				CURRENT_PROJECT_VERSION = 1;
				DEVELOPMENT_ASSET_PATHS = "\"Landmarks/Preview Content\"";
				DEVELOPMENT_TEAM = NC28R53QWB;
				ENABLE_PREVIEWS = YES;
				GENERATE_INFOPLIST_FILE = YES;
				INFOPLIST_KEY_UIApplicationSceneManifest_Generation = YES;
				INFOPLIST_KEY_UIApplicationSupportsIndirectInputEvents = YES;
				INFOPLIST_KEY_UILaunchScreen_Generation = YES;
				INFOPLIST_KEY_UISupportedInterfaceOrientations_iPad = "UIInterfaceOrientationPortrait UIInterfaceOrientationPortraitUpsideDown UIInterfaceOrientationLandscapeLeft UIInterfaceOrientationLandscapeRight";
				INFOPLIST_KEY_UISupportedInterfaceOrientations_iPhone = "UIInterfaceOrientationPortrait UIInterfaceOrientationLandscapeLeft UIInterfaceOrientationLandscapeRight";
				LD_RUNPATH_SEARCH_PATHS = (
					"$(inherited)",
					"@executable_path/Frameworks",
				);
				MARKETING_VERSION = 1.0;
				PRODUCT_BUNDLE_IDENTIFIER = com.delmaSong.Landmarks;
				PRODUCT_NAME = "$(TARGET_NAME)";
				SWIFT_EMIT_LOC_STRINGS = YES;
				SWIFT_VERSION = 5.0;
				TARGETED_DEVICE_FAMILY = "1,2";
			};
			name = Debug;
		};
		604B3BB02A1F013400CAE222 /* Release */ = {
			isa = XCBuildConfiguration;
			buildSettings = {
				ASSETCATALOG_COMPILER_APPICON_NAME = AppIcon;
				ASSETCATALOG_COMPILER_GLOBAL_ACCENT_COLOR_NAME = AccentColor;
				CODE_SIGN_STYLE = Automatic;
				CURRENT_PROJECT_VERSION = 1;
				DEVELOPMENT_ASSET_PATHS = "\"Landmarks/Preview Content\"";
				DEVELOPMENT_TEAM = NC28R53QWB;
				ENABLE_PREVIEWS = YES;
				GENERATE_INFOPLIST_FILE = YES;
				INFOPLIST_KEY_UIApplicationSceneManifest_Generation = YES;
				INFOPLIST_KEY_UIApplicationSupportsIndirectInputEvents = YES;
				INFOPLIST_KEY_UILaunchScreen_Generation = YES;
				INFOPLIST_KEY_UISupportedInterfaceOrientations_iPad = "UIInterfaceOrientationPortrait UIInterfaceOrientationPortraitUpsideDown UIInterfaceOrientationLandscapeLeft UIInterfaceOrientationLandscapeRight";
				INFOPLIST_KEY_UISupportedInterfaceOrientations_iPhone = "UIInterfaceOrientationPortrait UIInterfaceOrientationLandscapeLeft UIInterfaceOrientationLandscapeRight";
				LD_RUNPATH_SEARCH_PATHS = (
					"$(inherited)",
					"@executable_path/Frameworks",
				);
				MARKETING_VERSION = 1.0;
				PRODUCT_BUNDLE_IDENTIFIER = com.delmaSong.Landmarks;
				PRODUCT_NAME = "$(TARGET_NAME)";
				SWIFT_EMIT_LOC_STRINGS = YES;
				SWIFT_VERSION = 5.0;
				TARGETED_DEVICE_FAMILY = "1,2";
			};
			name = Release;
		};
/* End XCBuildConfiguration section */

/* Begin XCConfigurationList section */
		604B3B9B2A1F013300CAE222 /* Build configuration list for PBXProject "Landmarks" */ = {
			isa = XCConfigurationList;
			buildConfigurations = (
				604B3BAC2A1F013400CAE222 /* Debug */,
				604B3BAD2A1F013400CAE222 /* Release */,
			);
			defaultConfigurationIsVisible = 0;
			defaultConfigurationName = Release;
		};
		604B3BAE2A1F013400CAE222 /* Build configuration list for PBXNativeTarget "Landmarks" */ = {
			isa = XCConfigurationList;
			buildConfigurations = (
				604B3BAF2A1F013400CAE222 /* Debug */,
				604B3BB02A1F013400CAE222 /* Release */,
			);
			defaultConfigurationIsVisible = 0;
			defaultConfigurationName = Release;
		};
/* End XCConfigurationList section */
	};
	rootObject = 604B3B982A1F013300CAE222 /* Project object */;
}
