// !$*UTF8*$!
{
	archiveVersion = 1;
	classes = {
	};
	objectVersion = 56;
	objects = {

/* Begin PBXBuildFile section */
		87421AB92A1CDF250038D1CB /* LandmarksApp.swift in Sources */ = {isa = PBXBuildFile; fileRef = 87421AB82A1CDF250038D1CB /* LandmarksApp.swift */; };
		87421ABB2A1CDF250038D1CB /* ContentView.swift in Sources */ = {isa = PBXBuildFile; fileRef = 87421ABA2A1CDF250038D1CB /* ContentView.swift */; };
		87421ABD2A1CDF280038D1CB /* Assets.xcassets in Resources */ = {isa = PBXBuildFile; fileRef = 87421ABC2A1CDF280038D1CB /* Assets.xcassets */; };
		87421AC02A1CDF280038D1CB /* Preview Assets.xcassets in Resources */ = {isa = PBXBuildFile; fileRef = 87421ABF2A1CDF280038D1CB /* Preview Assets.xcassets */; };
		8767660B2A20FA9600061D3E /* LandmarkList.swift in Sources */ = {isa = PBXBuildFile; fileRef = 8767660A2A20FA9600061D3E /* LandmarkList.swift */; };
		8767660D2A20FD1F00061D3E /* LandmarkDetail.swift in Sources */ = {isa = PBXBuildFile; fileRef = 8767660C2A20FD1F00061D3E /* LandmarkDetail.swift */; };
		8784C5B12A20EEB200462020 /* landmarkData.json in Resources */ = {isa = PBXBuildFile; fileRef = 8784C5B02A20EEB200462020 /* landmarkData.json */; };
		87AB60282A21D230005A2AA3 /* FavoriteButton.swift in Sources */ = {isa = PBXBuildFile; fileRef = 87AB60272A21D230005A2AA3 /* FavoriteButton.swift */; };
		87AB602D2A21D406005A2AA3 /* HexagonParameters.swift in Sources */ = {isa = PBXBuildFile; fileRef = 87AB602C2A21D406005A2AA3 /* HexagonParameters.swift */; };
		87AB602F2A21D4D8005A2AA3 /* BadgeBackground.swift in Sources */ = {isa = PBXBuildFile; fileRef = 87AB602E2A21D4D8005A2AA3 /* BadgeBackground.swift */; };
		87AB60312A21D73F005A2AA3 /* BadgeSymbol.swift in Sources */ = {isa = PBXBuildFile; fileRef = 87AB60302A21D73F005A2AA3 /* BadgeSymbol.swift */; };
		87AB60332A21D79B005A2AA3 /* RotatedBadgesSymbol.swift in Sources */ = {isa = PBXBuildFile; fileRef = 87AB60322A21D79B005A2AA3 /* RotatedBadgesSymbol.swift */; };
		87AB60352A21D7E9005A2AA3 /* Badge.swift in Sources */ = {isa = PBXBuildFile; fileRef = 87AB60342A21D7E9005A2AA3 /* Badge.swift */; };
		87BA43FE2A1CF4800076F957 /* CircleImage.swift in Sources */ = {isa = PBXBuildFile; fileRef = 87BA43FD2A1CF4800076F957 /* CircleImage.swift */; };
		87BA44002A1CF4FC0076F957 /* MapView.swift in Sources */ = {isa = PBXBuildFile; fileRef = 87BA43FF2A1CF4FC0076F957 /* MapView.swift */; };
		87E8C91E2A20F081006F3A93 /* Landmark.swift in Sources */ = {isa = PBXBuildFile; fileRef = 87E8C91D2A20F081006F3A93 /* Landmark.swift */; };
		87E8C9202A20F166006F3A93 /* ModelData.swift in Sources */ = {isa = PBXBuildFile; fileRef = 87E8C91F2A20F166006F3A93 /* ModelData.swift */; };
		87E8C9252A20F276006F3A93 /* LandmarkRow.swift in Sources */ = {isa = PBXBuildFile; fileRef = 87E8C9242A20F276006F3A93 /* LandmarkRow.swift */; };
/* End PBXBuildFile section */

/* Begin PBXFileReference section */
		87421AB52A1CDF250038D1CB /* Landmarks.app */ = {isa = PBXFileReference; explicitFileType = wrapper.application; includeInIndex = 0; path = Landmarks.app; sourceTree = BUILT_PRODUCTS_DIR; };
		87421AB82A1CDF250038D1CB /* LandmarksApp.swift */ = {isa = PBXFileReference; lastKnownFileType = sourcecode.swift; path = LandmarksApp.swift; sourceTree = "<group>"; };
		87421ABA2A1CDF250038D1CB /* ContentView.swift */ = {isa = PBXFileReference; lastKnownFileType = sourcecode.swift; path = ContentView.swift; sourceTree = "<group>"; };
		87421ABC2A1CDF280038D1CB /* Assets.xcassets */ = {isa = PBXFileReference; lastKnownFileType = folder.assetcatalog; path = Assets.xcassets; sourceTree = "<group>"; };
		87421ABF2A1CDF280038D1CB /* Preview Assets.xcassets */ = {isa = PBXFileReference; lastKnownFileType = folder.assetcatalog; path = "Preview Assets.xcassets"; sourceTree = "<group>"; };
		8767660A2A20FA9600061D3E /* LandmarkList.swift */ = {isa = PBXFileReference; lastKnownFileType = sourcecode.swift; path = LandmarkList.swift; sourceTree = "<group>"; };
		8767660C2A20FD1F00061D3E /* LandmarkDetail.swift */ = {isa = PBXFileReference; lastKnownFileType = sourcecode.swift; path = LandmarkDetail.swift; sourceTree = "<group>"; };
		8784C5B02A20EEB200462020 /* landmarkData.json */ = {isa = PBXFileReference; fileEncoding = 4; lastKnownFileType = text.json; path = landmarkData.json; sourceTree = "<group>"; };
		87AB60272A21D230005A2AA3 /* FavoriteButton.swift */ = {isa = PBXFileReference; lastKnownFileType = sourcecode.swift; path = FavoriteButton.swift; sourceTree = "<group>"; };
		87AB602C2A21D406005A2AA3 /* HexagonParameters.swift */ = {isa = PBXFileReference; lastKnownFileType = sourcecode.swift; path = HexagonParameters.swift; sourceTree = "<group>"; };
		87AB602E2A21D4D8005A2AA3 /* BadgeBackground.swift */ = {isa = PBXFileReference; lastKnownFileType = sourcecode.swift; path = BadgeBackground.swift; sourceTree = "<group>"; };
		87AB60302A21D73F005A2AA3 /* BadgeSymbol.swift */ = {isa = PBXFileReference; lastKnownFileType = sourcecode.swift; path = BadgeSymbol.swift; sourceTree = "<group>"; };
		87AB60322A21D79B005A2AA3 /* RotatedBadgesSymbol.swift */ = {isa = PBXFileReference; lastKnownFileType = sourcecode.swift; path = RotatedBadgesSymbol.swift; sourceTree = "<group>"; };
		87AB60342A21D7E9005A2AA3 /* Badge.swift */ = {isa = PBXFileReference; lastKnownFileType = sourcecode.swift; path = Badge.swift; sourceTree = "<group>"; };
		87BA43FD2A1CF4800076F957 /* CircleImage.swift */ = {isa = PBXFileReference; lastKnownFileType = sourcecode.swift; path = CircleImage.swift; sourceTree = "<group>"; };
		87BA43FF2A1CF4FC0076F957 /* MapView.swift */ = {isa = PBXFileReference; lastKnownFileType = sourcecode.swift; path = MapView.swift; sourceTree = "<group>"; };
		87E8C91D2A20F081006F3A93 /* Landmark.swift */ = {isa = PBXFileReference; lastKnownFileType = sourcecode.swift; path = Landmark.swift; sourceTree = "<group>"; };
		87E8C91F2A20F166006F3A93 /* ModelData.swift */ = {isa = PBXFileReference; lastKnownFileType = sourcecode.swift; path = ModelData.swift; sourceTree = "<group>"; };
		87E8C9242A20F276006F3A93 /* LandmarkRow.swift */ = {isa = PBXFileReference; lastKnownFileType = sourcecode.swift; path = LandmarkRow.swift; sourceTree = "<group>"; };
/* End PBXFileReference section */

/* Begin PBXFrameworksBuildPhase section */
		87421AB22A1CDF250038D1CB /* Frameworks */ = {
			isa = PBXFrameworksBuildPhase;
			buildActionMask = 2147483647;
			files = (
			);
			runOnlyForDeploymentPostprocessing = 0;
		};
/* End PBXFrameworksBuildPhase section */

/* Begin PBXGroup section */
		87421AAC2A1CDF250038D1CB = {
			isa = PBXGroup;
			children = (
				87421AB72A1CDF250038D1CB /* Landmarks */,
				87421AB62A1CDF250038D1CB /* Products */,
			);
			sourceTree = "<group>";
		};
		87421AB62A1CDF250038D1CB /* Products */ = {
			isa = PBXGroup;
			children = (
				87421AB52A1CDF250038D1CB /* Landmarks.app */,
			);
			name = Products;
			sourceTree = "<group>";
		};
		87421AB72A1CDF250038D1CB /* Landmarks */ = {
			isa = PBXGroup;
			children = (
				87421AB82A1CDF250038D1CB /* LandmarksApp.swift */,
				87E8C9212A20F1D0006F3A93 /* View */,
				87E8C9222A20F1D6006F3A93 /* Model */,
				87421ABC2A1CDF280038D1CB /* Assets.xcassets */,
				87421ABE2A1CDF280038D1CB /* Preview Content */,
				87E8C9232A20F1DA006F3A93 /* Resource */,
			);
			path = Landmarks;
			sourceTree = "<group>";
		};
		87421ABE2A1CDF280038D1CB /* Preview Content */ = {
			isa = PBXGroup;
			children = (
				87421ABF2A1CDF280038D1CB /* Preview Assets.xcassets */,
			);
			path = "Preview Content";
			sourceTree = "<group>";
		};
		87AB60292A21D29D005A2AA3 /* Landmarks */ = {
			isa = PBXGroup;
			children = (
				87E8C9242A20F276006F3A93 /* LandmarkRow.swift */,
				8767660A2A20FA9600061D3E /* LandmarkList.swift */,
				8767660C2A20FD1F00061D3E /* LandmarkDetail.swift */,
			);
			path = Landmarks;
			sourceTree = "<group>";
		};
		87AB602B2A21D2A8005A2AA3 /* Helpers */ = {
			isa = PBXGroup;
			children = (
				87BA43FF2A1CF4FC0076F957 /* MapView.swift */,
				87BA43FD2A1CF4800076F957 /* CircleImage.swift */,
				87AB60272A21D230005A2AA3 /* FavoriteButton.swift */,
			);
			path = Helpers;
			sourceTree = "<group>";
		};
		87AB60362A21D8B5005A2AA3 /* Badges */ = {
			isa = PBXGroup;
			children = (
				87AB602C2A21D406005A2AA3 /* HexagonParameters.swift */,
				87AB602E2A21D4D8005A2AA3 /* BadgeBackground.swift */,
				87AB60302A21D73F005A2AA3 /* BadgeSymbol.swift */,
				87AB60322A21D79B005A2AA3 /* RotatedBadgesSymbol.swift */,
				87AB60342A21D7E9005A2AA3 /* Badge.swift */,
			);
			path = Badges;
			sourceTree = "<group>";
		};
		87E8C9212A20F1D0006F3A93 /* View */ = {
			isa = PBXGroup;
			children = (
				87421ABA2A1CDF250038D1CB /* ContentView.swift */,
				87AB60292A21D29D005A2AA3 /* Landmarks */,
				87AB60362A21D8B5005A2AA3 /* Badges */,
				87AB602B2A21D2A8005A2AA3 /* Helpers */,
			);
			path = View;
			sourceTree = "<group>";
		};
		87E8C9222A20F1D6006F3A93 /* Model */ = {
			isa = PBXGroup;
			children = (
				87E8C91D2A20F081006F3A93 /* Landmark.swift */,
				87E8C91F2A20F166006F3A93 /* ModelData.swift */,
			);
			path = Model;
			sourceTree = "<group>";
		};
		87E8C9232A20F1DA006F3A93 /* Resource */ = {
			isa = PBXGroup;
			children = (
				8784C5B02A20EEB200462020 /* landmarkData.json */,
			);
			path = Resource;
			sourceTree = "<group>";
		};
/* End PBXGroup section */

/* Begin PBXNativeTarget section */
		87421AB42A1CDF250038D1CB /* Landmarks */ = {
			isa = PBXNativeTarget;
			buildConfigurationList = 87421AC32A1CDF280038D1CB /* Build configuration list for PBXNativeTarget "Landmarks" */;
			buildPhases = (
				87421AB12A1CDF250038D1CB /* Sources */,
				87421AB22A1CDF250038D1CB /* Frameworks */,
				87421AB32A1CDF250038D1CB /* Resources */,
			);
			buildRules = (
			);
			dependencies = (
			);
			name = Landmarks;
			productName = Landmarks;
			productReference = 87421AB52A1CDF250038D1CB /* Landmarks.app */;
			productType = "com.apple.product-type.application";
		};
/* End PBXNativeTarget section */

/* Begin PBXProject section */
		87421AAD2A1CDF250038D1CB /* Project object */ = {
			isa = PBXProject;
			attributes = {
				BuildIndependentTargetsInParallel = 1;
				LastSwiftUpdateCheck = 1430;
				LastUpgradeCheck = 1430;
				TargetAttributes = {
					87421AB42A1CDF250038D1CB = {
						CreatedOnToolsVersion = 14.3;
					};
				};
			};
			buildConfigurationList = 87421AB02A1CDF250038D1CB /* Build configuration list for PBXProject "Landmarks" */;
			compatibilityVersion = "Xcode 14.0";
			developmentRegion = en;
			hasScannedForEncodings = 0;
			knownRegions = (
				en,
				Base,
			);
			mainGroup = 87421AAC2A1CDF250038D1CB;
			productRefGroup = 87421AB62A1CDF250038D1CB /* Products */;
			projectDirPath = "";
			projectRoot = "";
			targets = (
				87421AB42A1CDF250038D1CB /* Landmarks */,
			);
		};
/* End PBXProject section */

/* Begin PBXResourcesBuildPhase section */
		87421AB32A1CDF250038D1CB /* Resources */ = {
			isa = PBXResourcesBuildPhase;
			buildActionMask = 2147483647;
			files = (
				87421AC02A1CDF280038D1CB /* Preview Assets.xcassets in Resources */,
				87421ABD2A1CDF280038D1CB /* Assets.xcassets in Resources */,
				8784C5B12A20EEB200462020 /* landmarkData.json in Resources */,
			);
			runOnlyForDeploymentPostprocessing = 0;
		};
/* End PBXResourcesBuildPhase section */

/* Begin PBXSourcesBuildPhase section */
		87421AB12A1CDF250038D1CB /* Sources */ = {
			isa = PBXSourcesBuildPhase;
			buildActionMask = 2147483647;
			files = (
				87421ABB2A1CDF250038D1CB /* ContentView.swift in Sources */,
				87AB60352A21D7E9005A2AA3 /* Badge.swift in Sources */,
				87BA44002A1CF4FC0076F957 /* MapView.swift in Sources */,
				87421AB92A1CDF250038D1CB /* LandmarksApp.swift in Sources */,
				87AB60332A21D79B005A2AA3 /* RotatedBadgesSymbol.swift in Sources */,
				87AB60282A21D230005A2AA3 /* FavoriteButton.swift in Sources */,
				87AB602D2A21D406005A2AA3 /* HexagonParameters.swift in Sources */,
				87AB60312A21D73F005A2AA3 /* BadgeSymbol.swift in Sources */,
				8767660B2A20FA9600061D3E /* LandmarkList.swift in Sources */,
				8767660D2A20FD1F00061D3E /* LandmarkDetail.swift in Sources */,
				87AB602F2A21D4D8005A2AA3 /* BadgeBackground.swift in Sources */,
				87BA43FE2A1CF4800076F957 /* CircleImage.swift in Sources */,
				87E8C91E2A20F081006F3A93 /* Landmark.swift in Sources */,
				87E8C9252A20F276006F3A93 /* LandmarkRow.swift in Sources */,
				87E8C9202A20F166006F3A93 /* ModelData.swift in Sources */,
			);
			runOnlyForDeploymentPostprocessing = 0;
		};
/* End PBXSourcesBuildPhase section */

/* Begin XCBuildConfiguration section */
		87421AC12A1CDF280038D1CB /* Debug */ = {
			isa = XCBuildConfiguration;
			buildSettings = {
				ALWAYS_SEARCH_USER_PATHS = NO;
				CLANG_ANALYZER_NONNULL = YES;
				CLANG_ANALYZER_NUMBER_OBJECT_CONVERSION = YES_AGGRESSIVE;
				CLANG_CXX_LANGUAGE_STANDARD = "gnu++20";
				CLANG_ENABLE_MODULES = YES;
				CLANG_ENABLE_OBJC_ARC = YES;
				CLANG_ENABLE_OBJC_WEAK = YES;
				CLANG_WARN_BLOCK_CAPTURE_AUTORELEASING = YES;
				CLANG_WARN_BOOL_CONVERSION = YES;
				CLANG_WARN_COMMA = YES;
				CLANG_WARN_CONSTANT_CONVERSION = YES;
				CLANG_WARN_DEPRECATED_OBJC_IMPLEMENTATIONS = YES;
				CLANG_WARN_DIRECT_OBJC_ISA_USAGE = YES_ERROR;
				CLANG_WARN_DOCUMENTATION_COMMENTS = YES;
				CLANG_WARN_EMPTY_BODY = YES;
				CLANG_WARN_ENUM_CONVERSION = YES;
				CLANG_WARN_INFINITE_RECURSION = YES;
				CLANG_WARN_INT_CONVERSION = YES;
				CLANG_WARN_NON_LITERAL_NULL_CONVERSION = YES;
				CLANG_WARN_OBJC_IMPLICIT_RETAIN_SELF = YES;
				CLANG_WARN_OBJC_LITERAL_CONVERSION = YES;
				CLANG_WARN_OBJC_ROOT_CLASS = YES_ERROR;
				CLANG_WARN_QUOTED_INCLUDE_IN_FRAMEWORK_HEADER = YES;
				CLANG_WARN_RANGE_LOOP_ANALYSIS = YES;
				CLANG_WARN_STRICT_PROTOTYPES = YES;
				CLANG_WARN_SUSPICIOUS_MOVE = YES;
				CLANG_WARN_UNGUARDED_AVAILABILITY = YES_AGGRESSIVE;
				CLANG_WARN_UNREACHABLE_CODE = YES;
				CLANG_WARN__DUPLICATE_METHOD_MATCH = YES;
				COPY_PHASE_STRIP = NO;
				DEBUG_INFORMATION_FORMAT = dwarf;
				ENABLE_STRICT_OBJC_MSGSEND = YES;
				ENABLE_TESTABILITY = YES;
				GCC_C_LANGUAGE_STANDARD = gnu11;
				GCC_DYNAMIC_NO_PIC = NO;
				GCC_NO_COMMON_BLOCKS = YES;
				GCC_OPTIMIZATION_LEVEL = 0;
				GCC_PREPROCESSOR_DEFINITIONS = (
					"DEBUG=1",
					"$(inherited)",
				);
				GCC_WARN_64_TO_32_BIT_CONVERSION = YES;
				GCC_WARN_ABOUT_RETURN_TYPE = YES_ERROR;
				GCC_WARN_UNDECLARED_SELECTOR = YES;
				GCC_WARN_UNINITIALIZED_AUTOS = YES_AGGRESSIVE;
				GCC_WARN_UNUSED_FUNCTION = YES;
				GCC_WARN_UNUSED_VARIABLE = YES;
				IPHONEOS_DEPLOYMENT_TARGET = 16.4;
				MTL_ENABLE_DEBUG_INFO = INCLUDE_SOURCE;
				MTL_FAST_MATH = YES;
				ONLY_ACTIVE_ARCH = YES;
				SDKROOT = iphoneos;
				SWIFT_ACTIVE_COMPILATION_CONDITIONS = DEBUG;
				SWIFT_OPTIMIZATION_LEVEL = "-Onone";
			};
			name = Debug;
		};
		87421AC22A1CDF280038D1CB /* Release */ = {
			isa = XCBuildConfiguration;
			buildSettings = {
				ALWAYS_SEARCH_USER_PATHS = NO;
				CLANG_ANALYZER_NONNULL = YES;
				CLANG_ANALYZER_NUMBER_OBJECT_CONVERSION = YES_AGGRESSIVE;
				CLANG_CXX_LANGUAGE_STANDARD = "gnu++20";
				CLANG_ENABLE_MODULES = YES;
				CLANG_ENABLE_OBJC_ARC = YES;
				CLANG_ENABLE_OBJC_WEAK = YES;
				CLANG_WARN_BLOCK_CAPTURE_AUTORELEASING = YES;
				CLANG_WARN_BOOL_CONVERSION = YES;
				CLANG_WARN_COMMA = YES;
				CLANG_WARN_CONSTANT_CONVERSION = YES;
				CLANG_WARN_DEPRECATED_OBJC_IMPLEMENTATIONS = YES;
				CLANG_WARN_DIRECT_OBJC_ISA_USAGE = YES_ERROR;
				CLANG_WARN_DOCUMENTATION_COMMENTS = YES;
				CLANG_WARN_EMPTY_BODY = YES;
				CLANG_WARN_ENUM_CONVERSION = YES;
				CLANG_WARN_INFINITE_RECURSION = YES;
				CLANG_WARN_INT_CONVERSION = YES;
				CLANG_WARN_NON_LITERAL_NULL_CONVERSION = YES;
				CLANG_WARN_OBJC_IMPLICIT_RETAIN_SELF = YES;
				CLANG_WARN_OBJC_LITERAL_CONVERSION = YES;
				CLANG_WARN_OBJC_ROOT_CLASS = YES_ERROR;
				CLANG_WARN_QUOTED_INCLUDE_IN_FRAMEWORK_HEADER = YES;
				CLANG_WARN_RANGE_LOOP_ANALYSIS = YES;
				CLANG_WARN_STRICT_PROTOTYPES = YES;
				CLANG_WARN_SUSPICIOUS_MOVE = YES;
				CLANG_WARN_UNGUARDED_AVAILABILITY = YES_AGGRESSIVE;
				CLANG_WARN_UNREACHABLE_CODE = YES;
				CLANG_WARN__DUPLICATE_METHOD_MATCH = YES;
				COPY_PHASE_STRIP = NO;
				DEBUG_INFORMATION_FORMAT = "dwarf-with-dsym";
				ENABLE_NS_ASSERTIONS = NO;
				ENABLE_STRICT_OBJC_MSGSEND = YES;
				GCC_C_LANGUAGE_STANDARD = gnu11;
				GCC_NO_COMMON_BLOCKS = YES;
				GCC_WARN_64_TO_32_BIT_CONVERSION = YES;
				GCC_WARN_ABOUT_RETURN_TYPE = YES_ERROR;
				GCC_WARN_UNDECLARED_SELECTOR = YES;
				GCC_WARN_UNINITIALIZED_AUTOS = YES_AGGRESSIVE;
				GCC_WARN_UNUSED_FUNCTION = YES;
				GCC_WARN_UNUSED_VARIABLE = YES;
				IPHONEOS_DEPLOYMENT_TARGET = 16.4;
				MTL_ENABLE_DEBUG_INFO = NO;
				MTL_FAST_MATH = YES;
				SDKROOT = iphoneos;
				SWIFT_COMPILATION_MODE = wholemodule;
				SWIFT_OPTIMIZATION_LEVEL = "-O";
				VALIDATE_PRODUCT = YES;
			};
			name = Release;
		};
		87421AC42A1CDF280038D1CB /* Debug */ = {
			isa = XCBuildConfiguration;
			buildSettings = {
				ASSETCATALOG_COMPILER_APPICON_NAME = AppIcon;
				ASSETCATALOG_COMPILER_GLOBAL_ACCENT_COLOR_NAME = AccentColor;
				CODE_SIGN_STYLE = Automatic;
				CURRENT_PROJECT_VERSION = 1;
				DEVELOPMENT_ASSET_PATHS = "\"Landmarks/Preview Content\"";
				DEVELOPMENT_TEAM = F95C5R6HLY;
				ENABLE_PREVIEWS = YES;
				GENERATE_INFOPLIST_FILE = YES;
				INFOPLIST_KEY_UIApplicationSceneManifest_Generation = YES;
				INFOPLIST_KEY_UIApplicationSupportsIndirectInputEvents = YES;
				INFOPLIST_KEY_UILaunchScreen_Generation = YES;
				INFOPLIST_KEY_UISupportedInterfaceOrientations_iPad = "UIInterfaceOrientationPortrait UIInterfaceOrientationPortraitUpsideDown UIInterfaceOrientationLandscapeLeft UIInterfaceOrientationLandscapeRight";
				INFOPLIST_KEY_UISupportedInterfaceOrientations_iPhone = "UIInterfaceOrientationPortrait UIInterfaceOrientationLandscapeLeft UIInterfaceOrientationLandscapeRight";
				LD_RUNPATH_SEARCH_PATHS = (
					"$(inherited)",
					"@executable_path/Frameworks",
				);
				MARKETING_VERSION = 1.0;
				PRODUCT_BUNDLE_IDENTIFIER = rieul.tech.Landmarks;
				PRODUCT_NAME = "$(TARGET_NAME)";
				SWIFT_EMIT_LOC_STRINGS = YES;
				SWIFT_VERSION = 5.0;
				TARGETED_DEVICE_FAMILY = "1,2";
			};
			name = Debug;
		};
		87421AC52A1CDF280038D1CB /* Release */ = {
			isa = XCBuildConfiguration;
			buildSettings = {
				ASSETCATALOG_COMPILER_APPICON_NAME = AppIcon;
				ASSETCATALOG_COMPILER_GLOBAL_ACCENT_COLOR_NAME = AccentColor;
				CODE_SIGN_STYLE = Automatic;
				CURRENT_PROJECT_VERSION = 1;
				DEVELOPMENT_ASSET_PATHS = "\"Landmarks/Preview Content\"";
				DEVELOPMENT_TEAM = F95C5R6HLY;
				ENABLE_PREVIEWS = YES;
				GENERATE_INFOPLIST_FILE = YES;
				INFOPLIST_KEY_UIApplicationSceneManifest_Generation = YES;
				INFOPLIST_KEY_UIApplicationSupportsIndirectInputEvents = YES;
				INFOPLIST_KEY_UILaunchScreen_Generation = YES;
				INFOPLIST_KEY_UISupportedInterfaceOrientations_iPad = "UIInterfaceOrientationPortrait UIInterfaceOrientationPortraitUpsideDown UIInterfaceOrientationLandscapeLeft UIInterfaceOrientationLandscapeRight";
				INFOPLIST_KEY_UISupportedInterfaceOrientations_iPhone = "UIInterfaceOrientationPortrait UIInterfaceOrientationLandscapeLeft UIInterfaceOrientationLandscapeRight";
				LD_RUNPATH_SEARCH_PATHS = (
					"$(inherited)",
					"@executable_path/Frameworks",
				);
				MARKETING_VERSION = 1.0;
				PRODUCT_BUNDLE_IDENTIFIER = rieul.tech.Landmarks;
				PRODUCT_NAME = "$(TARGET_NAME)";
				SWIFT_EMIT_LOC_STRINGS = YES;
				SWIFT_VERSION = 5.0;
				TARGETED_DEVICE_FAMILY = "1,2";
			};
			name = Release;
		};
/* End XCBuildConfiguration section */

/* Begin XCConfigurationList section */
		87421AB02A1CDF250038D1CB /* Build configuration list for PBXProject "Landmarks" */ = {
			isa = XCConfigurationList;
			buildConfigurations = (
				87421AC12A1CDF280038D1CB /* Debug */,
				87421AC22A1CDF280038D1CB /* Release */,
			);
			defaultConfigurationIsVisible = 0;
			defaultConfigurationName = Release;
		};
		87421AC32A1CDF280038D1CB /* Build configuration list for PBXNativeTarget "Landmarks" */ = {
			isa = XCConfigurationList;
			buildConfigurations = (
				87421AC42A1CDF280038D1CB /* Debug */,
				87421AC52A1CDF280038D1CB /* Release */,
			);
			defaultConfigurationIsVisible = 0;
			defaultConfigurationName = Release;
		};
/* End XCConfigurationList section */
	};
	rootObject = 87421AAD2A1CDF250038D1CB /* Project object */;
}
