// !$*UTF8*$!
{
	archiveVersion = 1;
	classes = {
	};
	objectVersion = 56;
	objects = {

/* Begin PBXBuildFile section */
		735318802A1A059900A9921A /* CircleImage.swift in Sources */ = {isa = PBXBuildFile; fileRef = 7353187F2A1A059900A9921A /* CircleImage.swift */; };
		735318822A1A1AE000A9921A /* MapView.swift in Sources */ = {isa = PBXBuildFile; fileRef = 735318812A1A1AE000A9921A /* MapView.swift */; };
		735318842A1A3C6600A9921A /* TestView.swift in Sources */ = {isa = PBXBuildFile; fileRef = 735318832A1A3C6600A9921A /* TestView.swift */; };
		735B1C552A20B0AE00CD0013 /* landmarkData.json in Resources */ = {isa = PBXBuildFile; fileRef = 735B1C542A20B0AE00CD0013 /* landmarkData.json */; };
		735B1C572A20B49F00CD0013 /* FavoriteButton.swift in Sources */ = {isa = PBXBuildFile; fileRef = 735B1C562A20B49F00CD0013 /* FavoriteButton.swift */; };
		735B1C5B2A211D1300CD0013 /* HexagonParameters.swift in Sources */ = {isa = PBXBuildFile; fileRef = 735B1C5A2A211D1300CD0013 /* HexagonParameters.swift */; };
		735B1C5D2A211E7800CD0013 /* BadgeBackground.swift in Sources */ = {isa = PBXBuildFile; fileRef = 735B1C5C2A211E7800CD0013 /* BadgeBackground.swift */; };
		735B1C5F2A21219300CD0013 /* BadgeSymbol.swift in Sources */ = {isa = PBXBuildFile; fileRef = 735B1C5E2A21219300CD0013 /* BadgeSymbol.swift */; };
		735B1C612A21222200CD0013 /* RotatedBadgeSymbol.swift in Sources */ = {isa = PBXBuildFile; fileRef = 735B1C602A21222200CD0013 /* RotatedBadgeSymbol.swift */; };
		735B1C632A21226900CD0013 /* Badge.swift in Sources */ = {isa = PBXBuildFile; fileRef = 735B1C622A21226900CD0013 /* Badge.swift */; };
		735B1C662A21284800CD0013 /* hikeData.json in Resources */ = {isa = PBXBuildFile; fileRef = 735B1C652A21284800CD0013 /* hikeData.json */; };
		735B1C682A21286100CD0013 /* Hike.swift in Sources */ = {isa = PBXBuildFile; fileRef = 735B1C672A21286100CD0013 /* Hike.swift */; };
		735B1C6E2A21291100CD0013 /* GraphCapsule.swift in Sources */ = {isa = PBXBuildFile; fileRef = 735B1C6A2A21291100CD0013 /* GraphCapsule.swift */; };
		735B1C6F2A21291100CD0013 /* HikeGraph.swift in Sources */ = {isa = PBXBuildFile; fileRef = 735B1C6B2A21291100CD0013 /* HikeGraph.swift */; };
		735B1C702A21291100CD0013 /* HikeDetail.swift in Sources */ = {isa = PBXBuildFile; fileRef = 735B1C6C2A21291100CD0013 /* HikeDetail.swift */; };
		735B1C712A21291100CD0013 /* HikeView.swift in Sources */ = {isa = PBXBuildFile; fileRef = 735B1C6D2A21291100CD0013 /* HikeView.swift */; };
		73E4C1292A1B3DDB0094474C /* Landmark.swift in Sources */ = {isa = PBXBuildFile; fileRef = 73E4C1282A1B3DDB0094474C /* Landmark.swift */; };
		73E4C12B2A1B3ED60094474C /* ModelData.swift in Sources */ = {isa = PBXBuildFile; fileRef = 73E4C12A2A1B3ED60094474C /* ModelData.swift */; };
		73E4C12F2A1B44F50094474C /* LandmarkRow.swift in Sources */ = {isa = PBXBuildFile; fileRef = 73E4C12E2A1B44F50094474C /* LandmarkRow.swift */; };
		73E4C1312A1B47550094474C /* LandmarkList.swift in Sources */ = {isa = PBXBuildFile; fileRef = 73E4C1302A1B47550094474C /* LandmarkList.swift */; };
		73E4C1332A1B53070094474C /* LandmarkDetail.swift in Sources */ = {isa = PBXBuildFile; fileRef = 73E4C1322A1B53070094474C /* LandmarkDetail.swift */; };
		73EAE5572A18B36100C5C706 /* LandmarksApp.swift in Sources */ = {isa = PBXBuildFile; fileRef = 73EAE5562A18B36100C5C706 /* LandmarksApp.swift */; };
		73EAE5592A18B36100C5C706 /* ContentView.swift in Sources */ = {isa = PBXBuildFile; fileRef = 73EAE5582A18B36100C5C706 /* ContentView.swift */; };
		73EAE55B2A18B36300C5C706 /* Assets.xcassets in Resources */ = {isa = PBXBuildFile; fileRef = 73EAE55A2A18B36300C5C706 /* Assets.xcassets */; };
		73EAE55E2A18B36300C5C706 /* Preview Assets.xcassets in Resources */ = {isa = PBXBuildFile; fileRef = 73EAE55D2A18B36300C5C706 /* Preview Assets.xcassets */; };
/* End PBXBuildFile section */

/* Begin PBXFileReference section */
		7353187F2A1A059900A9921A /* CircleImage.swift */ = {isa = PBXFileReference; lastKnownFileType = sourcecode.swift; path = CircleImage.swift; sourceTree = "<group>"; };
		735318812A1A1AE000A9921A /* MapView.swift */ = {isa = PBXFileReference; lastKnownFileType = sourcecode.swift; path = MapView.swift; sourceTree = "<group>"; };
		735318832A1A3C6600A9921A /* TestView.swift */ = {isa = PBXFileReference; lastKnownFileType = sourcecode.swift; path = TestView.swift; sourceTree = "<group>"; };
		735B1C542A20B0AE00CD0013 /* landmarkData.json */ = {isa = PBXFileReference; fileEncoding = 4; lastKnownFileType = text.json; path = landmarkData.json; sourceTree = "<group>"; };
		735B1C562A20B49F00CD0013 /* FavoriteButton.swift */ = {isa = PBXFileReference; lastKnownFileType = sourcecode.swift; path = FavoriteButton.swift; sourceTree = "<group>"; };
		735B1C5A2A211D1300CD0013 /* HexagonParameters.swift */ = {isa = PBXFileReference; lastKnownFileType = sourcecode.swift; path = HexagonParameters.swift; sourceTree = "<group>"; };
		735B1C5C2A211E7800CD0013 /* BadgeBackground.swift */ = {isa = PBXFileReference; lastKnownFileType = sourcecode.swift; path = BadgeBackground.swift; sourceTree = "<group>"; };
		735B1C5E2A21219300CD0013 /* BadgeSymbol.swift */ = {isa = PBXFileReference; lastKnownFileType = sourcecode.swift; path = BadgeSymbol.swift; sourceTree = "<group>"; };
		735B1C602A21222200CD0013 /* RotatedBadgeSymbol.swift */ = {isa = PBXFileReference; lastKnownFileType = sourcecode.swift; path = RotatedBadgeSymbol.swift; sourceTree = "<group>"; };
		735B1C622A21226900CD0013 /* Badge.swift */ = {isa = PBXFileReference; lastKnownFileType = sourcecode.swift; path = Badge.swift; sourceTree = "<group>"; };
		735B1C652A21284800CD0013 /* hikeData.json */ = {isa = PBXFileReference; fileEncoding = 4; lastKnownFileType = text.json; path = hikeData.json; sourceTree = "<group>"; };
		735B1C672A21286100CD0013 /* Hike.swift */ = {isa = PBXFileReference; lastKnownFileType = sourcecode.swift; path = Hike.swift; sourceTree = "<group>"; };
		735B1C6A2A21291100CD0013 /* GraphCapsule.swift */ = {isa = PBXFileReference; fileEncoding = 4; lastKnownFileType = sourcecode.swift; path = GraphCapsule.swift; sourceTree = "<group>"; };
		735B1C6B2A21291100CD0013 /* HikeGraph.swift */ = {isa = PBXFileReference; fileEncoding = 4; lastKnownFileType = sourcecode.swift; path = HikeGraph.swift; sourceTree = "<group>"; };
		735B1C6C2A21291100CD0013 /* HikeDetail.swift */ = {isa = PBXFileReference; fileEncoding = 4; lastKnownFileType = sourcecode.swift; path = HikeDetail.swift; sourceTree = "<group>"; };
		735B1C6D2A21291100CD0013 /* HikeView.swift */ = {isa = PBXFileReference; fileEncoding = 4; lastKnownFileType = sourcecode.swift; path = HikeView.swift; sourceTree = "<group>"; };
		73E4C1282A1B3DDB0094474C /* Landmark.swift */ = {isa = PBXFileReference; lastKnownFileType = sourcecode.swift; path = Landmark.swift; sourceTree = "<group>"; };
		73E4C12A2A1B3ED60094474C /* ModelData.swift */ = {isa = PBXFileReference; lastKnownFileType = sourcecode.swift; path = ModelData.swift; sourceTree = "<group>"; };
		73E4C12E2A1B44F50094474C /* LandmarkRow.swift */ = {isa = PBXFileReference; lastKnownFileType = sourcecode.swift; path = LandmarkRow.swift; sourceTree = "<group>"; };
		73E4C1302A1B47550094474C /* LandmarkList.swift */ = {isa = PBXFileReference; lastKnownFileType = sourcecode.swift; path = LandmarkList.swift; sourceTree = "<group>"; };
		73E4C1322A1B53070094474C /* LandmarkDetail.swift */ = {isa = PBXFileReference; lastKnownFileType = sourcecode.swift; path = LandmarkDetail.swift; sourceTree = "<group>"; };
		73EAE5532A18B36100C5C706 /* Landmarks.app */ = {isa = PBXFileReference; explicitFileType = wrapper.application; includeInIndex = 0; path = Landmarks.app; sourceTree = BUILT_PRODUCTS_DIR; };
		73EAE5562A18B36100C5C706 /* LandmarksApp.swift */ = {isa = PBXFileReference; lastKnownFileType = sourcecode.swift; path = LandmarksApp.swift; sourceTree = "<group>"; };
		73EAE5582A18B36100C5C706 /* ContentView.swift */ = {isa = PBXFileReference; lastKnownFileType = sourcecode.swift; path = ContentView.swift; sourceTree = "<group>"; };
		73EAE55A2A18B36300C5C706 /* Assets.xcassets */ = {isa = PBXFileReference; lastKnownFileType = folder.assetcatalog; path = Assets.xcassets; sourceTree = "<group>"; };
		73EAE55D2A18B36300C5C706 /* Preview Assets.xcassets */ = {isa = PBXFileReference; lastKnownFileType = folder.assetcatalog; path = "Preview Assets.xcassets"; sourceTree = "<group>"; };
/* End PBXFileReference section */

/* Begin PBXFrameworksBuildPhase section */
		73EAE5502A18B36100C5C706 /* Frameworks */ = {
			isa = PBXFrameworksBuildPhase;
			buildActionMask = 2147483647;
			files = (
			);
			runOnlyForDeploymentPostprocessing = 0;
		};
/* End PBXFrameworksBuildPhase section */

/* Begin PBXGroup section */
		735B1C582A20B96400CD0013 /* Landmarks */ = {
			isa = PBXGroup;
			children = (
				73E4C12E2A1B44F50094474C /* LandmarkRow.swift */,
				73E4C1302A1B47550094474C /* LandmarkList.swift */,
				73E4C1322A1B53070094474C /* LandmarkDetail.swift */,
			);
			path = Landmarks;
			sourceTree = "<group>";
		};
		735B1C592A20B96900CD0013 /* Helpers */ = {
			isa = PBXGroup;
			children = (
				7353187F2A1A059900A9921A /* CircleImage.swift */,
				735318812A1A1AE000A9921A /* MapView.swift */,
				735B1C562A20B49F00CD0013 /* FavoriteButton.swift */,
			);
			path = Helpers;
			sourceTree = "<group>";
		};
		735B1C642A21231100CD0013 /* Badges */ = {
			isa = PBXGroup;
			children = (
				735B1C622A21226900CD0013 /* Badge.swift */,
				735B1C5C2A211E7800CD0013 /* BadgeBackground.swift */,
				735B1C5E2A21219300CD0013 /* BadgeSymbol.swift */,
				735B1C602A21222200CD0013 /* RotatedBadgeSymbol.swift */,
				735B1C5A2A211D1300CD0013 /* HexagonParameters.swift */,
			);
			path = Badges;
			sourceTree = "<group>";
		};
		735B1C692A21291100CD0013 /* Hikes */ = {
			isa = PBXGroup;
			children = (
				735B1C6A2A21291100CD0013 /* GraphCapsule.swift */,
				735B1C6B2A21291100CD0013 /* HikeGraph.swift */,
				735B1C6C2A21291100CD0013 /* HikeDetail.swift */,
				735B1C6D2A21291100CD0013 /* HikeView.swift */,
			);
			path = Hikes;
			sourceTree = "<group>";
		};
		73E4C1252A1B1FFC0094474C /* Resources */ = {
			isa = PBXGroup;
			children = (
				735B1C542A20B0AE00CD0013 /* landmarkData.json */,
				735B1C652A21284800CD0013 /* hikeData.json */,
			);
			path = Resources;
			sourceTree = "<group>";
		};
		73E4C12C2A1B40040094474C /* Views */ = {
			isa = PBXGroup;
			children = (
				73EAE5582A18B36100C5C706 /* ContentView.swift */,
				735B1C692A21291100CD0013 /* Hikes */,
				735B1C642A21231100CD0013 /* Badges */,
				735B1C582A20B96400CD0013 /* Landmarks */,
				735B1C592A20B96900CD0013 /* Helpers */,
			);
			path = Views;
			sourceTree = "<group>";
		};
		73E4C12D2A1B400A0094474C /* Model */ = {
			isa = PBXGroup;
			children = (
				73E4C1282A1B3DDB0094474C /* Landmark.swift */,
				73E4C12A2A1B3ED60094474C /* ModelData.swift */,
				735B1C672A21286100CD0013 /* Hike.swift */,
			);
			path = Model;
			sourceTree = "<group>";
		};
		73EAE54A2A18B36100C5C706 = {
			isa = PBXGroup;
			children = (
				73EAE5552A18B36100C5C706 /* Landmarks */,
				73EAE5542A18B36100C5C706 /* Products */,
			);
			sourceTree = "<group>";
		};
		73EAE5542A18B36100C5C706 /* Products */ = {
			isa = PBXGroup;
			children = (
				73EAE5532A18B36100C5C706 /* Landmarks.app */,
			);
			name = Products;
			sourceTree = "<group>";
		};
		73EAE5552A18B36100C5C706 /* Landmarks */ = {
			isa = PBXGroup;
			children = (
				73EAE5562A18B36100C5C706 /* LandmarksApp.swift */,
				73E4C12C2A1B40040094474C /* Views */,
				73E4C12D2A1B400A0094474C /* Model */,
				73E4C1252A1B1FFC0094474C /* Resources */,
				73EAE55A2A18B36300C5C706 /* Assets.xcassets */,
				73EAE55C2A18B36300C5C706 /* Preview Content */,
				735318832A1A3C6600A9921A /* TestView.swift */,
			);
			path = Landmarks;
			sourceTree = "<group>";
		};
		73EAE55C2A18B36300C5C706 /* Preview Content */ = {
			isa = PBXGroup;
			children = (
				73EAE55D2A18B36300C5C706 /* Preview Assets.xcassets */,
			);
			path = "Preview Content";
			sourceTree = "<group>";
		};
/* End PBXGroup section */

/* Begin PBXNativeTarget section */
		73EAE5522A18B36100C5C706 /* Landmarks */ = {
			isa = PBXNativeTarget;
			buildConfigurationList = 73EAE5612A18B36300C5C706 /* Build configuration list for PBXNativeTarget "Landmarks" */;
			buildPhases = (
				73EAE54F2A18B36100C5C706 /* Sources */,
				73EAE5502A18B36100C5C706 /* Frameworks */,
				73EAE5512A18B36100C5C706 /* Resources */,
			);
			buildRules = (
			);
			dependencies = (
			);
			name = Landmarks;
			productName = Landmarks;
			productReference = 73EAE5532A18B36100C5C706 /* Landmarks.app */;
			productType = "com.apple.product-type.application";
		};
/* End PBXNativeTarget section */

/* Begin PBXProject section */
		73EAE54B2A18B36100C5C706 /* Project object */ = {
			isa = PBXProject;
			attributes = {
				BuildIndependentTargetsInParallel = 1;
				LastSwiftUpdateCheck = 1420;
				LastUpgradeCheck = 1420;
				TargetAttributes = {
					73EAE5522A18B36100C5C706 = {
						CreatedOnToolsVersion = 14.2;
					};
				};
			};
			buildConfigurationList = 73EAE54E2A18B36100C5C706 /* Build configuration list for PBXProject "Landmarks" */;
			compatibilityVersion = "Xcode 14.0";
			developmentRegion = en;
			hasScannedForEncodings = 0;
			knownRegions = (
				en,
				Base,
			);
			mainGroup = 73EAE54A2A18B36100C5C706;
			productRefGroup = 73EAE5542A18B36100C5C706 /* Products */;
			projectDirPath = "";
			projectRoot = "";
			targets = (
				73EAE5522A18B36100C5C706 /* Landmarks */,
			);
		};
/* End PBXProject section */

/* Begin PBXResourcesBuildPhase section */
		73EAE5512A18B36100C5C706 /* Resources */ = {
			isa = PBXResourcesBuildPhase;
			buildActionMask = 2147483647;
			files = (
				735B1C662A21284800CD0013 /* hikeData.json in Resources */,
				73EAE55E2A18B36300C5C706 /* Preview Assets.xcassets in Resources */,
				73EAE55B2A18B36300C5C706 /* Assets.xcassets in Resources */,
				735B1C552A20B0AE00CD0013 /* landmarkData.json in Resources */,
			);
			runOnlyForDeploymentPostprocessing = 0;
		};
/* End PBXResourcesBuildPhase section */

/* Begin PBXSourcesBuildPhase section */
		73EAE54F2A18B36100C5C706 /* Sources */ = {
			isa = PBXSourcesBuildPhase;
			buildActionMask = 2147483647;
			files = (
				735B1C682A21286100CD0013 /* Hike.swift in Sources */,
				735B1C5B2A211D1300CD0013 /* HexagonParameters.swift in Sources */,
				73EAE5592A18B36100C5C706 /* ContentView.swift in Sources */,
				735318842A1A3C6600A9921A /* TestView.swift in Sources */,
				735B1C6F2A21291100CD0013 /* HikeGraph.swift in Sources */,
				735318822A1A1AE000A9921A /* MapView.swift in Sources */,
				73EAE5572A18B36100C5C706 /* LandmarksApp.swift in Sources */,
				73E4C1312A1B47550094474C /* LandmarkList.swift in Sources */,
				735318802A1A059900A9921A /* CircleImage.swift in Sources */,
				735B1C5F2A21219300CD0013 /* BadgeSymbol.swift in Sources */,
				735B1C612A21222200CD0013 /* RotatedBadgeSymbol.swift in Sources */,
				735B1C632A21226900CD0013 /* Badge.swift in Sources */,
				73E4C1292A1B3DDB0094474C /* Landmark.swift in Sources */,
				735B1C5D2A211E7800CD0013 /* BadgeBackground.swift in Sources */,
				73E4C12F2A1B44F50094474C /* LandmarkRow.swift in Sources */,
				735B1C6E2A21291100CD0013 /* GraphCapsule.swift in Sources */,
				735B1C712A21291100CD0013 /* HikeView.swift in Sources */,
				73E4C1332A1B53070094474C /* LandmarkDetail.swift in Sources */,
				735B1C572A20B49F00CD0013 /* FavoriteButton.swift in Sources */,
				73E4C12B2A1B3ED60094474C /* ModelData.swift in Sources */,
				735B1C702A21291100CD0013 /* HikeDetail.swift in Sources */,
			);
			runOnlyForDeploymentPostprocessing = 0;
		};
/* End PBXSourcesBuildPhase section */

/* Begin XCBuildConfiguration section */
		73EAE55F2A18B36300C5C706 /* Debug */ = {
			isa = XCBuildConfiguration;
			buildSettings = {
				ALWAYS_SEARCH_USER_PATHS = NO;
				CLANG_ANALYZER_NONNULL = YES;
				CLANG_ANALYZER_NUMBER_OBJECT_CONVERSION = YES_AGGRESSIVE;
				CLANG_CXX_LANGUAGE_STANDARD = "gnu++20";
				CLANG_ENABLE_MODULES = YES;
				CLANG_ENABLE_OBJC_ARC = YES;
				CLANG_ENABLE_OBJC_WEAK = YES;
				CLANG_WARN_BLOCK_CAPTURE_AUTORELEASING = YES;
				CLANG_WARN_BOOL_CONVERSION = YES;
				CLANG_WARN_COMMA = YES;
				CLANG_WARN_CONSTANT_CONVERSION = YES;
				CLANG_WARN_DEPRECATED_OBJC_IMPLEMENTATIONS = YES;
				CLANG_WARN_DIRECT_OBJC_ISA_USAGE = YES_ERROR;
				CLANG_WARN_DOCUMENTATION_COMMENTS = YES;
				CLANG_WARN_EMPTY_BODY = YES;
				CLANG_WARN_ENUM_CONVERSION = YES;
				CLANG_WARN_INFINITE_RECURSION = YES;
				CLANG_WARN_INT_CONVERSION = YES;
				CLANG_WARN_NON_LITERAL_NULL_CONVERSION = YES;
				CLANG_WARN_OBJC_IMPLICIT_RETAIN_SELF = YES;
				CLANG_WARN_OBJC_LITERAL_CONVERSION = YES;
				CLANG_WARN_OBJC_ROOT_CLASS = YES_ERROR;
				CLANG_WARN_QUOTED_INCLUDE_IN_FRAMEWORK_HEADER = YES;
				CLANG_WARN_RANGE_LOOP_ANALYSIS = YES;
				CLANG_WARN_STRICT_PROTOTYPES = YES;
				CLANG_WARN_SUSPICIOUS_MOVE = YES;
				CLANG_WARN_UNGUARDED_AVAILABILITY = YES_AGGRESSIVE;
				CLANG_WARN_UNREACHABLE_CODE = YES;
				CLANG_WARN__DUPLICATE_METHOD_MATCH = YES;
				COPY_PHASE_STRIP = NO;
				DEBUG_INFORMATION_FORMAT = dwarf;
				ENABLE_STRICT_OBJC_MSGSEND = YES;
				ENABLE_TESTABILITY = YES;
				GCC_C_LANGUAGE_STANDARD = gnu11;
				GCC_DYNAMIC_NO_PIC = NO;
				GCC_NO_COMMON_BLOCKS = YES;
				GCC_OPTIMIZATION_LEVEL = 0;
				GCC_PREPROCESSOR_DEFINITIONS = (
					"DEBUG=1",
					"$(inherited)",
				);
				GCC_WARN_64_TO_32_BIT_CONVERSION = YES;
				GCC_WARN_ABOUT_RETURN_TYPE = YES_ERROR;
				GCC_WARN_UNDECLARED_SELECTOR = YES;
				GCC_WARN_UNINITIALIZED_AUTOS = YES_AGGRESSIVE;
				GCC_WARN_UNUSED_FUNCTION = YES;
				GCC_WARN_UNUSED_VARIABLE = YES;
				IPHONEOS_DEPLOYMENT_TARGET = 16.2;
				MTL_ENABLE_DEBUG_INFO = INCLUDE_SOURCE;
				MTL_FAST_MATH = YES;
				ONLY_ACTIVE_ARCH = YES;
				SDKROOT = iphoneos;
				SWIFT_ACTIVE_COMPILATION_CONDITIONS = DEBUG;
				SWIFT_OPTIMIZATION_LEVEL = "-Onone";
			};
			name = Debug;
		};
		73EAE5602A18B36300C5C706 /* Release */ = {
			isa = XCBuildConfiguration;
			buildSettings = {
				ALWAYS_SEARCH_USER_PATHS = NO;
				CLANG_ANALYZER_NONNULL = YES;
				CLANG_ANALYZER_NUMBER_OBJECT_CONVERSION = YES_AGGRESSIVE;
				CLANG_CXX_LANGUAGE_STANDARD = "gnu++20";
				CLANG_ENABLE_MODULES = YES;
				CLANG_ENABLE_OBJC_ARC = YES;
				CLANG_ENABLE_OBJC_WEAK = YES;
				CLANG_WARN_BLOCK_CAPTURE_AUTORELEASING = YES;
				CLANG_WARN_BOOL_CONVERSION = YES;
				CLANG_WARN_COMMA = YES;
				CLANG_WARN_CONSTANT_CONVERSION = YES;
				CLANG_WARN_DEPRECATED_OBJC_IMPLEMENTATIONS = YES;
				CLANG_WARN_DIRECT_OBJC_ISA_USAGE = YES_ERROR;
				CLANG_WARN_DOCUMENTATION_COMMENTS = YES;
				CLANG_WARN_EMPTY_BODY = YES;
				CLANG_WARN_ENUM_CONVERSION = YES;
				CLANG_WARN_INFINITE_RECURSION = YES;
				CLANG_WARN_INT_CONVERSION = YES;
				CLANG_WARN_NON_LITERAL_NULL_CONVERSION = YES;
				CLANG_WARN_OBJC_IMPLICIT_RETAIN_SELF = YES;
				CLANG_WARN_OBJC_LITERAL_CONVERSION = YES;
				CLANG_WARN_OBJC_ROOT_CLASS = YES_ERROR;
				CLANG_WARN_QUOTED_INCLUDE_IN_FRAMEWORK_HEADER = YES;
				CLANG_WARN_RANGE_LOOP_ANALYSIS = YES;
				CLANG_WARN_STRICT_PROTOTYPES = YES;
				CLANG_WARN_SUSPICIOUS_MOVE = YES;
				CLANG_WARN_UNGUARDED_AVAILABILITY = YES_AGGRESSIVE;
				CLANG_WARN_UNREACHABLE_CODE = YES;
				CLANG_WARN__DUPLICATE_METHOD_MATCH = YES;
				COPY_PHASE_STRIP = NO;
				DEBUG_INFORMATION_FORMAT = "dwarf-with-dsym";
				ENABLE_NS_ASSERTIONS = NO;
				ENABLE_STRICT_OBJC_MSGSEND = YES;
				GCC_C_LANGUAGE_STANDARD = gnu11;
				GCC_NO_COMMON_BLOCKS = YES;
				GCC_WARN_64_TO_32_BIT_CONVERSION = YES;
				GCC_WARN_ABOUT_RETURN_TYPE = YES_ERROR;
				GCC_WARN_UNDECLARED_SELECTOR = YES;
				GCC_WARN_UNINITIALIZED_AUTOS = YES_AGGRESSIVE;
				GCC_WARN_UNUSED_FUNCTION = YES;
				GCC_WARN_UNUSED_VARIABLE = YES;
				IPHONEOS_DEPLOYMENT_TARGET = 16.2;
				MTL_ENABLE_DEBUG_INFO = NO;
				MTL_FAST_MATH = YES;
				SDKROOT = iphoneos;
				SWIFT_COMPILATION_MODE = wholemodule;
				SWIFT_OPTIMIZATION_LEVEL = "-O";
				VALIDATE_PRODUCT = YES;
			};
			name = Release;
		};
		73EAE5622A18B36300C5C706 /* Debug */ = {
			isa = XCBuildConfiguration;
			buildSettings = {
				ASSETCATALOG_COMPILER_APPICON_NAME = AppIcon;
				ASSETCATALOG_COMPILER_GLOBAL_ACCENT_COLOR_NAME = AccentColor;
				CODE_SIGN_STYLE = Automatic;
				CURRENT_PROJECT_VERSION = 1;
				DEVELOPMENT_ASSET_PATHS = "\"Landmarks/Preview Content\"";
				ENABLE_PREVIEWS = YES;
				GENERATE_INFOPLIST_FILE = YES;
				INFOPLIST_KEY_UIApplicationSceneManifest_Generation = YES;
				INFOPLIST_KEY_UIApplicationSupportsIndirectInputEvents = YES;
				INFOPLIST_KEY_UILaunchScreen_Generation = YES;
				INFOPLIST_KEY_UISupportedInterfaceOrientations_iPad = "UIInterfaceOrientationPortrait UIInterfaceOrientationPortraitUpsideDown UIInterfaceOrientationLandscapeLeft UIInterfaceOrientationLandscapeRight";
				INFOPLIST_KEY_UISupportedInterfaceOrientations_iPhone = "UIInterfaceOrientationPortrait UIInterfaceOrientationLandscapeLeft UIInterfaceOrientationLandscapeRight";
				LD_RUNPATH_SEARCH_PATHS = (
					"$(inherited)",
					"@executable_path/Frameworks",
				);
				MARKETING_VERSION = 1.0;
				PRODUCT_BUNDLE_IDENTIFIER = com.moon.Landmarks;
				PRODUCT_NAME = "$(TARGET_NAME)";
				SWIFT_EMIT_LOC_STRINGS = YES;
				SWIFT_VERSION = 5.0;
				TARGETED_DEVICE_FAMILY = "1,2";
			};
			name = Debug;
		};
		73EAE5632A18B36300C5C706 /* Release */ = {
			isa = XCBuildConfiguration;
			buildSettings = {
				ASSETCATALOG_COMPILER_APPICON_NAME = AppIcon;
				ASSETCATALOG_COMPILER_GLOBAL_ACCENT_COLOR_NAME = AccentColor;
				CODE_SIGN_STYLE = Automatic;
				CURRENT_PROJECT_VERSION = 1;
				DEVELOPMENT_ASSET_PATHS = "\"Landmarks/Preview Content\"";
				ENABLE_PREVIEWS = YES;
				GENERATE_INFOPLIST_FILE = YES;
				INFOPLIST_KEY_UIApplicationSceneManifest_Generation = YES;
				INFOPLIST_KEY_UIApplicationSupportsIndirectInputEvents = YES;
				INFOPLIST_KEY_UILaunchScreen_Generation = YES;
				INFOPLIST_KEY_UISupportedInterfaceOrientations_iPad = "UIInterfaceOrientationPortrait UIInterfaceOrientationPortraitUpsideDown UIInterfaceOrientationLandscapeLeft UIInterfaceOrientationLandscapeRight";
				INFOPLIST_KEY_UISupportedInterfaceOrientations_iPhone = "UIInterfaceOrientationPortrait UIInterfaceOrientationLandscapeLeft UIInterfaceOrientationLandscapeRight";
				LD_RUNPATH_SEARCH_PATHS = (
					"$(inherited)",
					"@executable_path/Frameworks",
				);
				MARKETING_VERSION = 1.0;
				PRODUCT_BUNDLE_IDENTIFIER = com.moon.Landmarks;
				PRODUCT_NAME = "$(TARGET_NAME)";
				SWIFT_EMIT_LOC_STRINGS = YES;
				SWIFT_VERSION = 5.0;
				TARGETED_DEVICE_FAMILY = "1,2";
			};
			name = Release;
		};
/* End XCBuildConfiguration section */

/* Begin XCConfigurationList section */
		73EAE54E2A18B36100C5C706 /* Build configuration list for PBXProject "Landmarks" */ = {
			isa = XCConfigurationList;
			buildConfigurations = (
				73EAE55F2A18B36300C5C706 /* Debug */,
				73EAE5602A18B36300C5C706 /* Release */,
			);
			defaultConfigurationIsVisible = 0;
			defaultConfigurationName = Release;
		};
		73EAE5612A18B36300C5C706 /* Build configuration list for PBXNativeTarget "Landmarks" */ = {
			isa = XCConfigurationList;
			buildConfigurations = (
				73EAE5622A18B36300C5C706 /* Debug */,
				73EAE5632A18B36300C5C706 /* Release */,
			);
			defaultConfigurationIsVisible = 0;
			defaultConfigurationName = Release;
		};
/* End XCConfigurationList section */
	};
	rootObject = 73EAE54B2A18B36100C5C706 /* Project object */;
}
