// !$*UTF8*$!
{
	archiveVersion = 1;
	classes = {
	};
	objectVersion = 56;
	objects = {

/* Begin PBXBuildFile section */
		76D642FE2A1BBAC200DB8DEF /* LandmarksAppApp.swift in Sources */ = {isa = PBXBuildFile; fileRef = 76D642FD2A1BBAC200DB8DEF /* LandmarksAppApp.swift */; };
		76D643002A1BBAC200DB8DEF /* ContentView.swift in Sources */ = {isa = PBXBuildFile; fileRef = 76D642FF2A1BBAC200DB8DEF /* ContentView.swift */; };
		76D643022A1BBAC300DB8DEF /* Assets.xcassets in Resources */ = {isa = PBXBuildFile; fileRef = 76D643012A1BBAC300DB8DEF /* Assets.xcassets */; };
		76D643052A1BBAC300DB8DEF /* Preview Assets.xcassets in Resources */ = {isa = PBXBuildFile; fileRef = 76D643042A1BBAC300DB8DEF /* Preview Assets.xcassets */; };
		76D6430C2A1CEAEE00DB8DEF /* CircleImage.swift in Sources */ = {isa = PBXBuildFile; fileRef = 76D6430B2A1CEAEE00DB8DEF /* CircleImage.swift */; };
		76D6430E2A1CF3F700DB8DEF /* MapView.swift in Sources */ = {isa = PBXBuildFile; fileRef = 76D6430D2A1CF3F700DB8DEF /* MapView.swift */; };
		76D643102A1D043100DB8DEF /* landmarkData.json in Resources */ = {isa = PBXBuildFile; fileRef = 76D6430F2A1D043100DB8DEF /* landmarkData.json */; };
		76D643122A1D044400DB8DEF /* Landmark.swift in Sources */ = {isa = PBXBuildFile; fileRef = 76D643112A1D044400DB8DEF /* Landmark.swift */; };
		76D643142A1D0B1100DB8DEF /* ModelData.swift in Sources */ = {isa = PBXBuildFile; fileRef = 76D643132A1D0B1100DB8DEF /* ModelData.swift */; };
		76D643192A1D12E100DB8DEF /* LandmarkRow.swift in Sources */ = {isa = PBXBuildFile; fileRef = 76D643182A1D12E100DB8DEF /* LandmarkRow.swift */; };
		76D6431B2A1D1DE800DB8DEF /* LandmarkList.swift in Sources */ = {isa = PBXBuildFile; fileRef = 76D6431A2A1D1DE800DB8DEF /* LandmarkList.swift */; };
		76D6431F2A1D1FEA00DB8DEF /* LandmarkDetail.swift in Sources */ = {isa = PBXBuildFile; fileRef = 76D6431E2A1D1FEA00DB8DEF /* LandmarkDetail.swift */; };
		76D643212A1E551E00DB8DEF /* FavoriteButton.swift in Sources */ = {isa = PBXBuildFile; fileRef = 76D643202A1E551E00DB8DEF /* FavoriteButton.swift */; };
		76D643252A1E5A0C00DB8DEF /* HexagonParameters.swift in Sources */ = {isa = PBXBuildFile; fileRef = 76D643242A1E5A0C00DB8DEF /* HexagonParameters.swift */; };
		76D643272A1E5BFB00DB8DEF /* BadgeBackground.swift in Sources */ = {isa = PBXBuildFile; fileRef = 76D643262A1E5BFB00DB8DEF /* BadgeBackground.swift */; };
		76D643292A1E610600DB8DEF /* BadgeSymbol.swift in Sources */ = {isa = PBXBuildFile; fileRef = 76D643282A1E610600DB8DEF /* BadgeSymbol.swift */; };
		76D6432B2A1E62FB00DB8DEF /* RotatedBadgeSymbol.swift in Sources */ = {isa = PBXBuildFile; fileRef = 76D6432A2A1E62FB00DB8DEF /* RotatedBadgeSymbol.swift */; };
		76D6432D2A1E640F00DB8DEF /* Badge.swift in Sources */ = {isa = PBXBuildFile; fileRef = 76D6432C2A1E640F00DB8DEF /* Badge.swift */; };
/* End PBXBuildFile section */

/* Begin PBXFileReference section */
		76D642FA2A1BBAC200DB8DEF /* LandmarksApp.app */ = {isa = PBXFileReference; explicitFileType = wrapper.application; includeInIndex = 0; path = LandmarksApp.app; sourceTree = BUILT_PRODUCTS_DIR; };
		76D642FD2A1BBAC200DB8DEF /* LandmarksAppApp.swift */ = {isa = PBXFileReference; lastKnownFileType = sourcecode.swift; path = LandmarksAppApp.swift; sourceTree = "<group>"; };
		76D642FF2A1BBAC200DB8DEF /* ContentView.swift */ = {isa = PBXFileReference; lastKnownFileType = sourcecode.swift; path = ContentView.swift; sourceTree = "<group>"; };
		76D643012A1BBAC300DB8DEF /* Assets.xcassets */ = {isa = PBXFileReference; lastKnownFileType = folder.assetcatalog; path = Assets.xcassets; sourceTree = "<group>"; };
		76D643042A1BBAC300DB8DEF /* Preview Assets.xcassets */ = {isa = PBXFileReference; lastKnownFileType = folder.assetcatalog; path = "Preview Assets.xcassets"; sourceTree = "<group>"; };
		76D6430B2A1CEAEE00DB8DEF /* CircleImage.swift */ = {isa = PBXFileReference; lastKnownFileType = sourcecode.swift; path = CircleImage.swift; sourceTree = "<group>"; };
		76D6430D2A1CF3F700DB8DEF /* MapView.swift */ = {isa = PBXFileReference; lastKnownFileType = sourcecode.swift; path = MapView.swift; sourceTree = "<group>"; };
		76D6430F2A1D043100DB8DEF /* landmarkData.json */ = {isa = PBXFileReference; fileEncoding = 4; lastKnownFileType = text.json; path = landmarkData.json; sourceTree = "<group>"; };
		76D643112A1D044400DB8DEF /* Landmark.swift */ = {isa = PBXFileReference; lastKnownFileType = sourcecode.swift; path = Landmark.swift; sourceTree = "<group>"; };
		76D643132A1D0B1100DB8DEF /* ModelData.swift */ = {isa = PBXFileReference; lastKnownFileType = sourcecode.swift; path = ModelData.swift; sourceTree = "<group>"; };
		76D643182A1D12E100DB8DEF /* LandmarkRow.swift */ = {isa = PBXFileReference; lastKnownFileType = sourcecode.swift; path = LandmarkRow.swift; sourceTree = "<group>"; };
		76D6431A2A1D1DE800DB8DEF /* LandmarkList.swift */ = {isa = PBXFileReference; lastKnownFileType = sourcecode.swift; path = LandmarkList.swift; sourceTree = "<group>"; };
		76D6431E2A1D1FEA00DB8DEF /* LandmarkDetail.swift */ = {isa = PBXFileReference; lastKnownFileType = sourcecode.swift; path = LandmarkDetail.swift; sourceTree = "<group>"; };
		76D643202A1E551E00DB8DEF /* FavoriteButton.swift */ = {isa = PBXFileReference; lastKnownFileType = sourcecode.swift; path = FavoriteButton.swift; sourceTree = "<group>"; };
		76D643242A1E5A0C00DB8DEF /* HexagonParameters.swift */ = {isa = PBXFileReference; lastKnownFileType = sourcecode.swift; path = HexagonParameters.swift; sourceTree = "<group>"; };
		76D643262A1E5BFB00DB8DEF /* BadgeBackground.swift */ = {isa = PBXFileReference; lastKnownFileType = sourcecode.swift; path = BadgeBackground.swift; sourceTree = "<group>"; };
		76D643282A1E610600DB8DEF /* BadgeSymbol.swift */ = {isa = PBXFileReference; lastKnownFileType = sourcecode.swift; path = BadgeSymbol.swift; sourceTree = "<group>"; };
		76D6432A2A1E62FB00DB8DEF /* RotatedBadgeSymbol.swift */ = {isa = PBXFileReference; lastKnownFileType = sourcecode.swift; path = RotatedBadgeSymbol.swift; sourceTree = "<group>"; };
		76D6432C2A1E640F00DB8DEF /* Badge.swift */ = {isa = PBXFileReference; lastKnownFileType = sourcecode.swift; path = Badge.swift; sourceTree = "<group>"; };
/* End PBXFileReference section */

/* Begin PBXFrameworksBuildPhase section */
		76D642F72A1BBAC200DB8DEF /* Frameworks */ = {
			isa = PBXFrameworksBuildPhase;
			buildActionMask = 2147483647;
			files = (
			);
			runOnlyForDeploymentPostprocessing = 0;
		};
/* End PBXFrameworksBuildPhase section */

/* Begin PBXGroup section */
		76D642F12A1BBAC200DB8DEF = {
			isa = PBXGroup;
			children = (
				76D642FC2A1BBAC200DB8DEF /* LandmarksApp */,
				76D642FB2A1BBAC200DB8DEF /* Products */,
			);
			sourceTree = "<group>";
		};
		76D642FB2A1BBAC200DB8DEF /* Products */ = {
			isa = PBXGroup;
			children = (
				76D642FA2A1BBAC200DB8DEF /* LandmarksApp.app */,
			);
			name = Products;
			sourceTree = "<group>";
		};
		76D642FC2A1BBAC200DB8DEF /* LandmarksApp */ = {
			isa = PBXGroup;
			children = (
				76D642FD2A1BBAC200DB8DEF /* LandmarksAppApp.swift */,
				76D643152A1D10AF00DB8DEF /* Views */,
				76D643172A1D10D300DB8DEF /* Model */,
				76D643162A1D10BD00DB8DEF /* Resources */,
				76D643032A1BBAC300DB8DEF /* Preview Content */,
			);
			path = LandmarksApp;
			sourceTree = "<group>";
		};
		76D643032A1BBAC300DB8DEF /* Preview Content */ = {
			isa = PBXGroup;
			children = (
				76D643042A1BBAC300DB8DEF /* Preview Assets.xcassets */,
			);
			path = "Preview Content";
			sourceTree = "<group>";
		};
		76D643152A1D10AF00DB8DEF /* Views */ = {
			isa = PBXGroup;
			children = (
				76D642FF2A1BBAC200DB8DEF /* ContentView.swift */,
				76D643232A1E55A900DB8DEF /* Landmarks */,
				76D643222A1E559D00DB8DEF /* Helpers */,
				76D6432E2A1E64C600DB8DEF /* Badges */,
			);
			path = Views;
			sourceTree = "<group>";
		};
		76D643162A1D10BD00DB8DEF /* Resources */ = {
			isa = PBXGroup;
			children = (
				76D643012A1BBAC300DB8DEF /* Assets.xcassets */,
				76D6430F2A1D043100DB8DEF /* landmarkData.json */,
			);
			path = Resources;
			sourceTree = "<group>";
		};
		76D643172A1D10D300DB8DEF /* Model */ = {
			isa = PBXGroup;
			children = (
				76D643112A1D044400DB8DEF /* Landmark.swift */,
				76D643132A1D0B1100DB8DEF /* ModelData.swift */,
			);
			path = Model;
			sourceTree = "<group>";
		};
		76D643222A1E559D00DB8DEF /* Helpers */ = {
			isa = PBXGroup;
			children = (
				76D6430B2A1CEAEE00DB8DEF /* CircleImage.swift */,
				76D6430D2A1CF3F700DB8DEF /* MapView.swift */,
				76D643202A1E551E00DB8DEF /* FavoriteButton.swift */,
			);
			path = Helpers;
			sourceTree = "<group>";
		};
		76D643232A1E55A900DB8DEF /* Landmarks */ = {
			isa = PBXGroup;
			children = (
				76D643182A1D12E100DB8DEF /* LandmarkRow.swift */,
				76D6431A2A1D1DE800DB8DEF /* LandmarkList.swift */,
				76D6431E2A1D1FEA00DB8DEF /* LandmarkDetail.swift */,
			);
			path = Landmarks;
			sourceTree = "<group>";
		};
		76D6432E2A1E64C600DB8DEF /* Badges */ = {
			isa = PBXGroup;
			children = (
				76D643242A1E5A0C00DB8DEF /* HexagonParameters.swift */,
				76D643262A1E5BFB00DB8DEF /* BadgeBackground.swift */,
				76D643282A1E610600DB8DEF /* BadgeSymbol.swift */,
				76D6432A2A1E62FB00DB8DEF /* RotatedBadgeSymbol.swift */,
				76D6432C2A1E640F00DB8DEF /* Badge.swift */,
			);
			path = Badges;
			sourceTree = "<group>";
		};
/* End PBXGroup section */

/* Begin PBXNativeTarget section */
		76D642F92A1BBAC200DB8DEF /* LandmarksApp */ = {
			isa = PBXNativeTarget;
			buildConfigurationList = 76D643082A1BBAC300DB8DEF /* Build configuration list for PBXNativeTarget "LandmarksApp" */;
			buildPhases = (
				76D642F62A1BBAC200DB8DEF /* Sources */,
				76D642F72A1BBAC200DB8DEF /* Frameworks */,
				76D642F82A1BBAC200DB8DEF /* Resources */,
			);
			buildRules = (
			);
			dependencies = (
			);
			name = LandmarksApp;
			productName = LandmarksApp;
			productReference = 76D642FA2A1BBAC200DB8DEF /* LandmarksApp.app */;
			productType = "com.apple.product-type.application";
		};
/* End PBXNativeTarget section */

/* Begin PBXProject section */
		76D642F22A1BBAC200DB8DEF /* Project object */ = {
			isa = PBXProject;
			attributes = {
				BuildIndependentTargetsInParallel = 1;
				LastSwiftUpdateCheck = 1430;
				LastUpgradeCheck = 1430;
				TargetAttributes = {
					76D642F92A1BBAC200DB8DEF = {
						CreatedOnToolsVersion = 14.3;
					};
				};
			};
			buildConfigurationList = 76D642F52A1BBAC200DB8DEF /* Build configuration list for PBXProject "LandmarksApp" */;
			compatibilityVersion = "Xcode 14.0";
			developmentRegion = en;
			hasScannedForEncodings = 0;
			knownRegions = (
				en,
				Base,
			);
			mainGroup = 76D642F12A1BBAC200DB8DEF;
			productRefGroup = 76D642FB2A1BBAC200DB8DEF /* Products */;
			projectDirPath = "";
			projectRoot = "";
			targets = (
				76D642F92A1BBAC200DB8DEF /* LandmarksApp */,
			);
		};
/* End PBXProject section */

/* Begin PBXResourcesBuildPhase section */
		76D642F82A1BBAC200DB8DEF /* Resources */ = {
			isa = PBXResourcesBuildPhase;
			buildActionMask = 2147483647;
			files = (
				76D643052A1BBAC300DB8DEF /* Preview Assets.xcassets in Resources */,
				76D643022A1BBAC300DB8DEF /* Assets.xcassets in Resources */,
				76D643102A1D043100DB8DEF /* landmarkData.json in Resources */,
			);
			runOnlyForDeploymentPostprocessing = 0;
		};
/* End PBXResourcesBuildPhase section */

/* Begin PBXSourcesBuildPhase section */
		76D642F62A1BBAC200DB8DEF /* Sources */ = {
			isa = PBXSourcesBuildPhase;
			buildActionMask = 2147483647;
			files = (
				76D643002A1BBAC200DB8DEF /* ContentView.swift in Sources */,
				76D6432D2A1E640F00DB8DEF /* Badge.swift in Sources */,
				76D6430E2A1CF3F700DB8DEF /* MapView.swift in Sources */,
				76D642FE2A1BBAC200DB8DEF /* LandmarksAppApp.swift in Sources */,
				76D643212A1E551E00DB8DEF /* FavoriteButton.swift in Sources */,
				76D643252A1E5A0C00DB8DEF /* HexagonParameters.swift in Sources */,
				76D6432B2A1E62FB00DB8DEF /* RotatedBadgeSymbol.swift in Sources */,
				76D643292A1E610600DB8DEF /* BadgeSymbol.swift in Sources */,
				76D6431B2A1D1DE800DB8DEF /* LandmarkList.swift in Sources */,
				76D6431F2A1D1FEA00DB8DEF /* LandmarkDetail.swift in Sources */,
				76D643272A1E5BFB00DB8DEF /* BadgeBackground.swift in Sources */,
				76D6430C2A1CEAEE00DB8DEF /* CircleImage.swift in Sources */,
				76D643122A1D044400DB8DEF /* Landmark.swift in Sources */,
				76D643192A1D12E100DB8DEF /* LandmarkRow.swift in Sources */,
				76D643142A1D0B1100DB8DEF /* ModelData.swift in Sources */,
			);
			runOnlyForDeploymentPostprocessing = 0;
		};
/* End PBXSourcesBuildPhase section */

/* Begin XCBuildConfiguration section */
		76D643062A1BBAC300DB8DEF /* Debug */ = {
			isa = XCBuildConfiguration;
			buildSettings = {
				ALWAYS_SEARCH_USER_PATHS = NO;
				CLANG_ANALYZER_NONNULL = YES;
				CLANG_ANALYZER_NUMBER_OBJECT_CONVERSION = YES_AGGRESSIVE;
				CLANG_CXX_LANGUAGE_STANDARD = "gnu++20";
				CLANG_ENABLE_MODULES = YES;
				CLANG_ENABLE_OBJC_ARC = YES;
				CLANG_ENABLE_OBJC_WEAK = YES;
				CLANG_WARN_BLOCK_CAPTURE_AUTORELEASING = YES;
				CLANG_WARN_BOOL_CONVERSION = YES;
				CLANG_WARN_COMMA = YES;
				CLANG_WARN_CONSTANT_CONVERSION = YES;
				CLANG_WARN_DEPRECATED_OBJC_IMPLEMENTATIONS = YES;
				CLANG_WARN_DIRECT_OBJC_ISA_USAGE = YES_ERROR;
				CLANG_WARN_DOCUMENTATION_COMMENTS = YES;
				CLANG_WARN_EMPTY_BODY = YES;
				CLANG_WARN_ENUM_CONVERSION = YES;
				CLANG_WARN_INFINITE_RECURSION = YES;
				CLANG_WARN_INT_CONVERSION = YES;
				CLANG_WARN_NON_LITERAL_NULL_CONVERSION = YES;
				CLANG_WARN_OBJC_IMPLICIT_RETAIN_SELF = YES;
				CLANG_WARN_OBJC_LITERAL_CONVERSION = YES;
				CLANG_WARN_OBJC_ROOT_CLASS = YES_ERROR;
				CLANG_WARN_QUOTED_INCLUDE_IN_FRAMEWORK_HEADER = YES;
				CLANG_WARN_RANGE_LOOP_ANALYSIS = YES;
				CLANG_WARN_STRICT_PROTOTYPES = YES;
				CLANG_WARN_SUSPICIOUS_MOVE = YES;
				CLANG_WARN_UNGUARDED_AVAILABILITY = YES_AGGRESSIVE;
				CLANG_WARN_UNREACHABLE_CODE = YES;
				CLANG_WARN__DUPLICATE_METHOD_MATCH = YES;
				COPY_PHASE_STRIP = NO;
				DEBUG_INFORMATION_FORMAT = dwarf;
				ENABLE_STRICT_OBJC_MSGSEND = YES;
				ENABLE_TESTABILITY = YES;
				GCC_C_LANGUAGE_STANDARD = gnu11;
				GCC_DYNAMIC_NO_PIC = NO;
				GCC_NO_COMMON_BLOCKS = YES;
				GCC_OPTIMIZATION_LEVEL = 0;
				GCC_PREPROCESSOR_DEFINITIONS = (
					"DEBUG=1",
					"$(inherited)",
				);
				GCC_WARN_64_TO_32_BIT_CONVERSION = YES;
				GCC_WARN_ABOUT_RETURN_TYPE = YES_ERROR;
				GCC_WARN_UNDECLARED_SELECTOR = YES;
				GCC_WARN_UNINITIALIZED_AUTOS = YES_AGGRESSIVE;
				GCC_WARN_UNUSED_FUNCTION = YES;
				GCC_WARN_UNUSED_VARIABLE = YES;
				IPHONEOS_DEPLOYMENT_TARGET = 16.4;
				MTL_ENABLE_DEBUG_INFO = INCLUDE_SOURCE;
				MTL_FAST_MATH = YES;
				ONLY_ACTIVE_ARCH = YES;
				SDKROOT = iphoneos;
				SWIFT_ACTIVE_COMPILATION_CONDITIONS = DEBUG;
				SWIFT_OPTIMIZATION_LEVEL = "-Onone";
			};
			name = Debug;
		};
		76D643072A1BBAC300DB8DEF /* Release */ = {
			isa = XCBuildConfiguration;
			buildSettings = {
				ALWAYS_SEARCH_USER_PATHS = NO;
				CLANG_ANALYZER_NONNULL = YES;
				CLANG_ANALYZER_NUMBER_OBJECT_CONVERSION = YES_AGGRESSIVE;
				CLANG_CXX_LANGUAGE_STANDARD = "gnu++20";
				CLANG_ENABLE_MODULES = YES;
				CLANG_ENABLE_OBJC_ARC = YES;
				CLANG_ENABLE_OBJC_WEAK = YES;
				CLANG_WARN_BLOCK_CAPTURE_AUTORELEASING = YES;
				CLANG_WARN_BOOL_CONVERSION = YES;
				CLANG_WARN_COMMA = YES;
				CLANG_WARN_CONSTANT_CONVERSION = YES;
				CLANG_WARN_DEPRECATED_OBJC_IMPLEMENTATIONS = YES;
				CLANG_WARN_DIRECT_OBJC_ISA_USAGE = YES_ERROR;
				CLANG_WARN_DOCUMENTATION_COMMENTS = YES;
				CLANG_WARN_EMPTY_BODY = YES;
				CLANG_WARN_ENUM_CONVERSION = YES;
				CLANG_WARN_INFINITE_RECURSION = YES;
				CLANG_WARN_INT_CONVERSION = YES;
				CLANG_WARN_NON_LITERAL_NULL_CONVERSION = YES;
				CLANG_WARN_OBJC_IMPLICIT_RETAIN_SELF = YES;
				CLANG_WARN_OBJC_LITERAL_CONVERSION = YES;
				CLANG_WARN_OBJC_ROOT_CLASS = YES_ERROR;
				CLANG_WARN_QUOTED_INCLUDE_IN_FRAMEWORK_HEADER = YES;
				CLANG_WARN_RANGE_LOOP_ANALYSIS = YES;
				CLANG_WARN_STRICT_PROTOTYPES = YES;
				CLANG_WARN_SUSPICIOUS_MOVE = YES;
				CLANG_WARN_UNGUARDED_AVAILABILITY = YES_AGGRESSIVE;
				CLANG_WARN_UNREACHABLE_CODE = YES;
				CLANG_WARN__DUPLICATE_METHOD_MATCH = YES;
				COPY_PHASE_STRIP = NO;
				DEBUG_INFORMATION_FORMAT = "dwarf-with-dsym";
				ENABLE_NS_ASSERTIONS = NO;
				ENABLE_STRICT_OBJC_MSGSEND = YES;
				GCC_C_LANGUAGE_STANDARD = gnu11;
				GCC_NO_COMMON_BLOCKS = YES;
				GCC_WARN_64_TO_32_BIT_CONVERSION = YES;
				GCC_WARN_ABOUT_RETURN_TYPE = YES_ERROR;
				GCC_WARN_UNDECLARED_SELECTOR = YES;
				GCC_WARN_UNINITIALIZED_AUTOS = YES_AGGRESSIVE;
				GCC_WARN_UNUSED_FUNCTION = YES;
				GCC_WARN_UNUSED_VARIABLE = YES;
				IPHONEOS_DEPLOYMENT_TARGET = 16.4;
				MTL_ENABLE_DEBUG_INFO = NO;
				MTL_FAST_MATH = YES;
				SDKROOT = iphoneos;
				SWIFT_COMPILATION_MODE = wholemodule;
				SWIFT_OPTIMIZATION_LEVEL = "-O";
				VALIDATE_PRODUCT = YES;
			};
			name = Release;
		};
		76D643092A1BBAC300DB8DEF /* Debug */ = {
			isa = XCBuildConfiguration;
			buildSettings = {
				ASSETCATALOG_COMPILER_APPICON_NAME = AppIcon;
				ASSETCATALOG_COMPILER_GLOBAL_ACCENT_COLOR_NAME = AccentColor;
				CODE_SIGN_STYLE = Automatic;
				CURRENT_PROJECT_VERSION = 1;
				DEVELOPMENT_ASSET_PATHS = "\"LandmarksApp/Preview Content\"";
				DEVELOPMENT_TEAM = P9MW78T4QB;
				ENABLE_PREVIEWS = YES;
				GENERATE_INFOPLIST_FILE = YES;
				INFOPLIST_KEY_UIApplicationSceneManifest_Generation = YES;
				INFOPLIST_KEY_UIApplicationSupportsIndirectInputEvents = YES;
				INFOPLIST_KEY_UILaunchScreen_Generation = YES;
				INFOPLIST_KEY_UISupportedInterfaceOrientations_iPad = "UIInterfaceOrientationPortrait UIInterfaceOrientationPortraitUpsideDown UIInterfaceOrientationLandscapeLeft UIInterfaceOrientationLandscapeRight";
				INFOPLIST_KEY_UISupportedInterfaceOrientations_iPhone = "UIInterfaceOrientationPortrait UIInterfaceOrientationLandscapeLeft UIInterfaceOrientationLandscapeRight";
				LD_RUNPATH_SEARCH_PATHS = (
					"$(inherited)",
					"@executable_path/Frameworks",
				);
				MARKETING_VERSION = 1.0;
				PRODUCT_BUNDLE_IDENTIFIER = com.chagmn.LandmarksApp;
				PRODUCT_NAME = "$(TARGET_NAME)";
				SWIFT_EMIT_LOC_STRINGS = YES;
				SWIFT_VERSION = 5.0;
				TARGETED_DEVICE_FAMILY = "1,2";
			};
			name = Debug;
		};
		76D6430A2A1BBAC300DB8DEF /* Release */ = {
			isa = XCBuildConfiguration;
			buildSettings = {
				ASSETCATALOG_COMPILER_APPICON_NAME = AppIcon;
				ASSETCATALOG_COMPILER_GLOBAL_ACCENT_COLOR_NAME = AccentColor;
				CODE_SIGN_STYLE = Automatic;
				CURRENT_PROJECT_VERSION = 1;
				DEVELOPMENT_ASSET_PATHS = "\"LandmarksApp/Preview Content\"";
				DEVELOPMENT_TEAM = P9MW78T4QB;
				ENABLE_PREVIEWS = YES;
				GENERATE_INFOPLIST_FILE = YES;
				INFOPLIST_KEY_UIApplicationSceneManifest_Generation = YES;
				INFOPLIST_KEY_UIApplicationSupportsIndirectInputEvents = YES;
				INFOPLIST_KEY_UILaunchScreen_Generation = YES;
				INFOPLIST_KEY_UISupportedInterfaceOrientations_iPad = "UIInterfaceOrientationPortrait UIInterfaceOrientationPortraitUpsideDown UIInterfaceOrientationLandscapeLeft UIInterfaceOrientationLandscapeRight";
				INFOPLIST_KEY_UISupportedInterfaceOrientations_iPhone = "UIInterfaceOrientationPortrait UIInterfaceOrientationLandscapeLeft UIInterfaceOrientationLandscapeRight";
				LD_RUNPATH_SEARCH_PATHS = (
					"$(inherited)",
					"@executable_path/Frameworks",
				);
				MARKETING_VERSION = 1.0;
				PRODUCT_BUNDLE_IDENTIFIER = com.chagmn.LandmarksApp;
				PRODUCT_NAME = "$(TARGET_NAME)";
				SWIFT_EMIT_LOC_STRINGS = YES;
				SWIFT_VERSION = 5.0;
				TARGETED_DEVICE_FAMILY = "1,2";
			};
			name = Release;
		};
/* End XCBuildConfiguration section */

/* Begin XCConfigurationList section */
		76D642F52A1BBAC200DB8DEF /* Build configuration list for PBXProject "LandmarksApp" */ = {
			isa = XCConfigurationList;
			buildConfigurations = (
				76D643062A1BBAC300DB8DEF /* Debug */,
				76D643072A1BBAC300DB8DEF /* Release */,
			);
			defaultConfigurationIsVisible = 0;
			defaultConfigurationName = Release;
		};
		76D643082A1BBAC300DB8DEF /* Build configuration list for PBXNativeTarget "LandmarksApp" */ = {
			isa = XCConfigurationList;
			buildConfigurations = (
				76D643092A1BBAC300DB8DEF /* Debug */,
				76D6430A2A1BBAC300DB8DEF /* Release */,
			);
			defaultConfigurationIsVisible = 0;
			defaultConfigurationName = Release;
		};
/* End XCConfigurationList section */
	};
	rootObject = 76D642F22A1BBAC200DB8DEF /* Project object */;
}
